// !$*UTF8*$!
{
	archiveVersion = 1;
	classes = {
	};
	objectVersion = 46;
	objects = {

/* Begin PBXBuildFile section */
		1F6795961EC0E61C001FE447 /* DescricaoTableViewController.swift in Sources */ = {isa = PBXBuildFile; fileRef = 1F6795951EC0E61C001FE447 /* DescricaoTableViewController.swift */; };
		1F6795981EC26062001FE447 /* LoginViewController.swift in Sources */ = {isa = PBXBuildFile; fileRef = 1F6795971EC26062001FE447 /* LoginViewController.swift */; };
		1F7930451EEF0EC1008D6D30 /* RegisterPageViewController.swift in Sources */ = {isa = PBXBuildFile; fileRef = 1F7930431EEF0EC1008D6D30 /* RegisterPageViewController.swift */; };
		1F7930461EEF0EC1008D6D30 /* TeatrosTableViewController.swift in Sources */ = {isa = PBXBuildFile; fileRef = 1F7930441EEF0EC1008D6D30 /* TeatrosTableViewController.swift */; };
		1F7930491EEF0F1C008D6D30 /* EventoTableViewCell.swift in Sources */ = {isa = PBXBuildFile; fileRef = 1F7930471EEF0F1C008D6D30 /* EventoTableViewCell.swift */; };
		1F79304A1EEF0F1C008D6D30 /* TeatroTableViewCell.swift in Sources */ = {isa = PBXBuildFile; fileRef = 1F7930481EEF0F1C008D6D30 /* TeatroTableViewCell.swift */; };
		1F81882A1F3E651D00974D03 /* ExtensionString.swift in Sources */ = {isa = PBXBuildFile; fileRef = 1F8188291F3E651D00974D03 /* ExtensionString.swift */; };
		1F8F7FFD1F60390400F55DB5 /* ExtensionUIImageView.swift in Sources */ = {isa = PBXBuildFile; fileRef = 1F8F7FFC1F60390400F55DB5 /* ExtensionUIImageView.swift */; };
		1F8F7FFF1F603BE900F55DB5 /* RestApiService.swift in Sources */ = {isa = PBXBuildFile; fileRef = 1F8F7FFE1F603BE900F55DB5 /* RestApiService.swift */; };
		1F9D55A91ED1048200F085F9 /* FiltroViewController.swift in Sources */ = {isa = PBXBuildFile; fileRef = 1F9D55A81ED1048200F085F9 /* FiltroViewController.swift */; };
		1F9D55CB1ED4D31400F085F9 /* PickerHoraViewController.swift in Sources */ = {isa = PBXBuildFile; fileRef = 1F9D55CA1ED4D31400F085F9 /* PickerHoraViewController.swift */; };
		1FA676C41EA3E3A300150964 /* AppDelegate.swift in Sources */ = {isa = PBXBuildFile; fileRef = 1FA676C31EA3E3A300150964 /* AppDelegate.swift */; };
		1FA676C61EA3E3A300150964 /* ViewController.swift in Sources */ = {isa = PBXBuildFile; fileRef = 1FA676C51EA3E3A300150964 /* ViewController.swift */; };
		1FA676C91EA3E3A300150964 /* Main.storyboard in Resources */ = {isa = PBXBuildFile; fileRef = 1FA676C71EA3E3A300150964 /* Main.storyboard */; };
		1FA676CC1EA3E3A400150964 /* AppTeatro.xcdatamodeld in Sources */ = {isa = PBXBuildFile; fileRef = 1FA676CA1EA3E3A400150964 /* AppTeatro.xcdatamodeld */; };
		1FA676CE1EA3E3A400150964 /* Assets.xcassets in Resources */ = {isa = PBXBuildFile; fileRef = 1FA676CD1EA3E3A400150964 /* Assets.xcassets */; };
		1FA676D11EA3E3A400150964 /* LaunchScreen.storyboard in Resources */ = {isa = PBXBuildFile; fileRef = 1FA676CF1EA3E3A400150964 /* LaunchScreen.storyboard */; };
		1FA676DC1EA3E3AA00150964 /* AppTeatroTests.swift in Sources */ = {isa = PBXBuildFile; fileRef = 1FA676DB1EA3E3AA00150964 /* AppTeatroTests.swift */; };
		1FA676E71EA3E3AB00150964 /* AppTeatroUITests.swift in Sources */ = {isa = PBXBuildFile; fileRef = 1FA676E61EA3E3AB00150964 /* AppTeatroUITests.swift */; };
		1FA676F61EA3E41C00150964 /* MapKit.framework in Frameworks */ = {isa = PBXBuildFile; fileRef = 1FA676F51EA3E41C00150964 /* MapKit.framework */; };
		1FBE66011EC6880B00BF87B4 /* LocalViewController.swift in Sources */ = {isa = PBXBuildFile; fileRef = 1FBE66001EC6880B00BF87B4 /* LocalViewController.swift */; };
		1FBE66031EC68DAB00BF87B4 /* LocalTableViewCell.swift in Sources */ = {isa = PBXBuildFile; fileRef = 1FBE66021EC68DAB00BF87B4 /* LocalTableViewCell.swift */; };
		1FBE66051ECA0CE200BF87B4 /* GenerosViewController.swift in Sources */ = {isa = PBXBuildFile; fileRef = 1FBE66041ECA0CE200BF87B4 /* GenerosViewController.swift */; };
		1FC413E51EC384F200732ECB /* GeneroCollectionViewCell.swift in Sources */ = {isa = PBXBuildFile; fileRef = 1FC413E41EC384F200732ECB /* GeneroCollectionViewCell.swift */; };
		1FC48EA11EC5333F0028291A /* DetalheTableViewCell.swift in Sources */ = {isa = PBXBuildFile; fileRef = 1FC48EA01EC5333F0028291A /* DetalheTableViewCell.swift */; };
		1FC48EA31EC533F40028291A /* DetalhesTableViewController.swift in Sources */ = {isa = PBXBuildFile; fileRef = 1FC48EA21EC533F40028291A /* DetalhesTableViewController.swift */; };
		3B2D5A961F3BB71C00A68272 /* PickerDataViewController.swift in Sources */ = {isa = PBXBuildFile; fileRef = 3B2D5A951F3BB71C00A68272 /* PickerDataViewController.swift */; };
		3B7F06BD1F60CDFB00D65E0C /* RestToCoreData.swift in Sources */ = {isa = PBXBuildFile; fileRef = 3B7F06BC1F60CDFB00D65E0C /* RestToCoreData.swift */; };
		3BC3D1E41EBA70DB0004E48A /* EventosTableViewController.swift in Sources */ = {isa = PBXBuildFile; fileRef = 3BC3D1E31EBA70DB0004E48A /* EventosTableViewController.swift */; };
		3BD5C68A1F3BAABF003401C1 /* DesignableView.swift in Sources */ = {isa = PBXBuildFile; fileRef = 3BD5C6891F3BAABF003401C1 /* DesignableView.swift */; };
		62029E3921951061007479DA /* ChatsTableViewController.swift in Sources */ = {isa = PBXBuildFile; fileRef = 62029E3821951061007479DA /* ChatsTableViewController.swift */; };
		62057ECC216AF03800101271 /* TabBarViewController.swift in Sources */ = {isa = PBXBuildFile; fileRef = 62057ECB216AF03800101271 /* TabBarViewController.swift */; };
		62566C692117A770003FF8AA /* GoogleService-Info.plist in Resources */ = {isa = PBXBuildFile; fileRef = 62566C682117A770003FF8AA /* GoogleService-Info.plist */; };
		625C76722103B68F003F8F55 /* MeuPerfilViewController.swift in Sources */ = {isa = PBXBuildFile; fileRef = 625C76712103B68F003F8F55 /* MeuPerfilViewController.swift */; };
		628592F8218E62C500B73332 /* EditarPerfilTableViewController.swift in Sources */ = {isa = PBXBuildFile; fileRef = 628592F7218E62C500B73332 /* EditarPerfilTableViewController.swift */; };
		629097E22159D1AD006F18E4 /* OnBoard02ViewController.swift in Sources */ = {isa = PBXBuildFile; fileRef = 629097E12159D1AD006F18E4 /* OnBoard02ViewController.swift */; };
		629097E42159D1CC006F18E4 /* OnBoard01ViewController.swift in Sources */ = {isa = PBXBuildFile; fileRef = 629097E32159D1CC006F18E4 /* OnBoard01ViewController.swift */; };
		629097E62159D1E0006F18E4 /* OnBoard03ViewController.swift in Sources */ = {isa = PBXBuildFile; fileRef = 629097E52159D1E0006F18E4 /* OnBoard03ViewController.swift */; };
		62A023C9219A660600D00F4B /* MessagesTableViewController.swift in Sources */ = {isa = PBXBuildFile; fileRef = 62A023C8219A660600D00F4B /* MessagesTableViewController.swift */; };
		62A023CB219A748400D00F4B /* MessageTableViewCell.swift in Sources */ = {isa = PBXBuildFile; fileRef = 62A023CA219A748400D00F4B /* MessageTableViewCell.swift */; };
		62B6B2A521863CB7006D1FED /* Structs.swift in Sources */ = {isa = PBXBuildFile; fileRef = 62B6B2A421863CB7006D1FED /* Structs.swift */; };
		62CC6D0221615D9B008AE3D2 /* OnboardingPager.swift in Sources */ = {isa = PBXBuildFile; fileRef = 62CC6D0121615D9B008AE3D2 /* OnboardingPager.swift */; };
		8751624B200E7068A7C5AD50 /* Pods_AppTeatroTests.framework in Frameworks */ = {isa = PBXBuildFile; fileRef = 99AAE942057D0D406E7361E7 /* Pods_AppTeatroTests.framework */; };
		8D931EB50D33FCDE3CE20BE9 /* Pods_AppTeatroUITests.framework in Frameworks */ = {isa = PBXBuildFile; fileRef = EFD317D41C6F73F321E4A767 /* Pods_AppTeatroUITests.framework */; };
		AD2E9A27636151B23069EA0F /* Pods_AppTeatro.framework in Frameworks */ = {isa = PBXBuildFile; fileRef = 6C8FFCE8B7053E93A04BBA15 /* Pods_AppTeatro.framework */; };
		AF3FAA781ECE627B00FD9E2F /* CoreDataManager.swift in Sources */ = {isa = PBXBuildFile; fileRef = AF3FAA771ECE627B00FD9E2F /* CoreDataManager.swift */; };
		AF8A4C681EBE2F2700F67EF7 /* SWRevealViewController.m in Sources */ = {isa = PBXBuildFile; fileRef = AF8A4C671EBE2F2700F67EF7 /* SWRevealViewController.m */; };
		AFC5EA601EBFA689008F0856 /* ContentPageViewController.swift in Sources */ = {isa = PBXBuildFile; fileRef = AFC5EA5F1EBFA689008F0856 /* ContentPageViewController.swift */; };
		AFC5EA621EBFA699008F0856 /* PageViewController.swift in Sources */ = {isa = PBXBuildFile; fileRef = AFC5EA611EBFA699008F0856 /* PageViewController.swift */; };
/* End PBXBuildFile section */

/* Begin PBXContainerItemProxy section */
		1FA676D81EA3E3AA00150964 /* PBXContainerItemProxy */ = {
			isa = PBXContainerItemProxy;
			containerPortal = 1FA676B81EA3E3A100150964 /* Project object */;
			proxyType = 1;
			remoteGlobalIDString = 1FA676BF1EA3E3A100150964;
			remoteInfo = AppTeatro;
		};
		1FA676E31EA3E3AB00150964 /* PBXContainerItemProxy */ = {
			isa = PBXContainerItemProxy;
			containerPortal = 1FA676B81EA3E3A100150964 /* Project object */;
			proxyType = 1;
			remoteGlobalIDString = 1FA676BF1EA3E3A100150964;
			remoteInfo = AppTeatro;
		};
/* End PBXContainerItemProxy section */

/* Begin PBXFileReference section */
		1267E58E23E310FAC56545E2 /* Pods-AppTeatro.release.xcconfig */ = {isa = PBXFileReference; includeInIndex = 1; lastKnownFileType = text.xcconfig; name = "Pods-AppTeatro.release.xcconfig"; path = "Pods/Target Support Files/Pods-AppTeatro/Pods-AppTeatro.release.xcconfig"; sourceTree = "<group>"; };
		1F6795951EC0E61C001FE447 /* DescricaoTableViewController.swift */ = {isa = PBXFileReference; fileEncoding = 4; lastKnownFileType = sourcecode.swift; name = DescricaoTableViewController.swift; path = Controllers/DescricaoTableViewController.swift; sourceTree = "<group>"; };
		1F6795971EC26062001FE447 /* LoginViewController.swift */ = {isa = PBXFileReference; fileEncoding = 4; lastKnownFileType = sourcecode.swift; name = LoginViewController.swift; path = Controllers/LoginViewController.swift; sourceTree = "<group>"; };
		1F7930431EEF0EC1008D6D30 /* RegisterPageViewController.swift */ = {isa = PBXFileReference; fileEncoding = 4; lastKnownFileType = sourcecode.swift; name = RegisterPageViewController.swift; path = Controllers/RegisterPageViewController.swift; sourceTree = "<group>"; };
		1F7930441EEF0EC1008D6D30 /* TeatrosTableViewController.swift */ = {isa = PBXFileReference; fileEncoding = 4; lastKnownFileType = sourcecode.swift; name = TeatrosTableViewController.swift; path = Controllers/TeatrosTableViewController.swift; sourceTree = "<group>"; };
		1F7930471EEF0F1C008D6D30 /* EventoTableViewCell.swift */ = {isa = PBXFileReference; fileEncoding = 4; lastKnownFileType = sourcecode.swift; name = EventoTableViewCell.swift; path = Views/EventoTableViewCell.swift; sourceTree = "<group>"; };
		1F7930481EEF0F1C008D6D30 /* TeatroTableViewCell.swift */ = {isa = PBXFileReference; fileEncoding = 4; lastKnownFileType = sourcecode.swift; name = TeatroTableViewCell.swift; path = Views/TeatroTableViewCell.swift; sourceTree = "<group>"; };
		1F8188291F3E651D00974D03 /* ExtensionString.swift */ = {isa = PBXFileReference; fileEncoding = 4; lastKnownFileType = sourcecode.swift; name = ExtensionString.swift; path = Extensions/ExtensionString.swift; sourceTree = "<group>"; };
		1F8F7FFC1F60390400F55DB5 /* ExtensionUIImageView.swift */ = {isa = PBXFileReference; fileEncoding = 4; lastKnownFileType = sourcecode.swift; name = ExtensionUIImageView.swift; path = Extensions/ExtensionUIImageView.swift; sourceTree = "<group>"; };
		1F8F7FFE1F603BE900F55DB5 /* RestApiService.swift */ = {isa = PBXFileReference; fileEncoding = 4; lastKnownFileType = sourcecode.swift; name = RestApiService.swift; path = Manager/RestApiService.swift; sourceTree = "<group>"; };
		1F9D55A81ED1048200F085F9 /* FiltroViewController.swift */ = {isa = PBXFileReference; fileEncoding = 4; lastKnownFileType = sourcecode.swift; name = FiltroViewController.swift; path = Controllers/FiltroViewController.swift; sourceTree = "<group>"; };
		1F9D55CA1ED4D31400F085F9 /* PickerHoraViewController.swift */ = {isa = PBXFileReference; fileEncoding = 4; lastKnownFileType = sourcecode.swift; name = PickerHoraViewController.swift; path = Controllers/PickerHoraViewController.swift; sourceTree = "<group>"; };
		1FA676C01EA3E3A100150964 /* AppTeatro.app */ = {isa = PBXFileReference; explicitFileType = wrapper.application; includeInIndex = 0; path = AppTeatro.app; sourceTree = BUILT_PRODUCTS_DIR; };
		1FA676C31EA3E3A300150964 /* AppDelegate.swift */ = {isa = PBXFileReference; lastKnownFileType = sourcecode.swift; path = AppDelegate.swift; sourceTree = "<group>"; };
		1FA676C51EA3E3A300150964 /* ViewController.swift */ = {isa = PBXFileReference; lastKnownFileType = sourcecode.swift; path = ViewController.swift; sourceTree = "<group>"; };
		1FA676C81EA3E3A300150964 /* Base */ = {isa = PBXFileReference; lastKnownFileType = file.storyboard; name = Base; path = Base.lproj/Main.storyboard; sourceTree = "<group>"; };
		1FA676CB1EA3E3A400150964 /* AppTeatro.xcdatamodel */ = {isa = PBXFileReference; lastKnownFileType = wrapper.xcdatamodel; path = AppTeatro.xcdatamodel; sourceTree = "<group>"; };
		1FA676CD1EA3E3A400150964 /* Assets.xcassets */ = {isa = PBXFileReference; lastKnownFileType = folder.assetcatalog; path = Assets.xcassets; sourceTree = "<group>"; };
		1FA676D01EA3E3A400150964 /* Base */ = {isa = PBXFileReference; lastKnownFileType = file.storyboard; name = Base; path = Base.lproj/LaunchScreen.storyboard; sourceTree = "<group>"; };
		1FA676D21EA3E3A400150964 /* Info.plist */ = {isa = PBXFileReference; lastKnownFileType = text.plist.xml; path = Info.plist; sourceTree = "<group>"; };
		1FA676D71EA3E3AA00150964 /* AppTeatroTests.xctest */ = {isa = PBXFileReference; explicitFileType = wrapper.cfbundle; includeInIndex = 0; path = AppTeatroTests.xctest; sourceTree = BUILT_PRODUCTS_DIR; };
		1FA676DB1EA3E3AA00150964 /* AppTeatroTests.swift */ = {isa = PBXFileReference; lastKnownFileType = sourcecode.swift; path = AppTeatroTests.swift; sourceTree = "<group>"; };
		1FA676DD1EA3E3AB00150964 /* Info.plist */ = {isa = PBXFileReference; lastKnownFileType = text.plist.xml; path = Info.plist; sourceTree = "<group>"; };
		1FA676E21EA3E3AB00150964 /* AppTeatroUITests.xctest */ = {isa = PBXFileReference; explicitFileType = wrapper.cfbundle; includeInIndex = 0; path = AppTeatroUITests.xctest; sourceTree = BUILT_PRODUCTS_DIR; };
		1FA676E61EA3E3AB00150964 /* AppTeatroUITests.swift */ = {isa = PBXFileReference; lastKnownFileType = sourcecode.swift; path = AppTeatroUITests.swift; sourceTree = "<group>"; };
		1FA676E81EA3E3AC00150964 /* Info.plist */ = {isa = PBXFileReference; lastKnownFileType = text.plist.xml; path = Info.plist; sourceTree = "<group>"; };
		1FA676F51EA3E41C00150964 /* MapKit.framework */ = {isa = PBXFileReference; lastKnownFileType = wrapper.framework; name = MapKit.framework; path = System/Library/Frameworks/MapKit.framework; sourceTree = SDKROOT; };
		1FBE66001EC6880B00BF87B4 /* LocalViewController.swift */ = {isa = PBXFileReference; fileEncoding = 4; lastKnownFileType = sourcecode.swift; name = LocalViewController.swift; path = Controllers/LocalViewController.swift; sourceTree = "<group>"; };
		1FBE66021EC68DAB00BF87B4 /* LocalTableViewCell.swift */ = {isa = PBXFileReference; fileEncoding = 4; lastKnownFileType = sourcecode.swift; name = LocalTableViewCell.swift; path = Views/LocalTableViewCell.swift; sourceTree = "<group>"; };
		1FBE66041ECA0CE200BF87B4 /* GenerosViewController.swift */ = {isa = PBXFileReference; fileEncoding = 4; lastKnownFileType = sourcecode.swift; name = GenerosViewController.swift; path = Controllers/GenerosViewController.swift; sourceTree = "<group>"; };
		1FC413E41EC384F200732ECB /* GeneroCollectionViewCell.swift */ = {isa = PBXFileReference; fileEncoding = 4; lastKnownFileType = sourcecode.swift; name = GeneroCollectionViewCell.swift; path = Views/GeneroCollectionViewCell.swift; sourceTree = "<group>"; };
		1FC48EA01EC5333F0028291A /* DetalheTableViewCell.swift */ = {isa = PBXFileReference; fileEncoding = 4; lastKnownFileType = sourcecode.swift; name = DetalheTableViewCell.swift; path = Views/DetalheTableViewCell.swift; sourceTree = "<group>"; };
		1FC48EA21EC533F40028291A /* DetalhesTableViewController.swift */ = {isa = PBXFileReference; fileEncoding = 4; lastKnownFileType = sourcecode.swift; name = DetalhesTableViewController.swift; path = Controllers/DetalhesTableViewController.swift; sourceTree = "<group>"; };
		3B2D5A951F3BB71C00A68272 /* PickerDataViewController.swift */ = {isa = PBXFileReference; fileEncoding = 4; lastKnownFileType = sourcecode.swift; name = PickerDataViewController.swift; path = Controllers/PickerDataViewController.swift; sourceTree = "<group>"; };
		3B7F06BC1F60CDFB00D65E0C /* RestToCoreData.swift */ = {isa = PBXFileReference; fileEncoding = 4; lastKnownFileType = sourcecode.swift; name = RestToCoreData.swift; path = Manager/RestToCoreData.swift; sourceTree = "<group>"; };
		3BC3D1E31EBA70DB0004E48A /* EventosTableViewController.swift */ = {isa = PBXFileReference; fileEncoding = 4; lastKnownFileType = sourcecode.swift; name = EventosTableViewController.swift; path = Controllers/EventosTableViewController.swift; sourceTree = "<group>"; };
		3BD5C6891F3BAABF003401C1 /* DesignableView.swift */ = {isa = PBXFileReference; fileEncoding = 4; lastKnownFileType = sourcecode.swift; name = DesignableView.swift; path = Designables/DesignableView.swift; sourceTree = "<group>"; };
		55BEFD040ACF627015DD88CC /* Pods-AppTeatroUITests.release.xcconfig */ = {isa = PBXFileReference; includeInIndex = 1; lastKnownFileType = text.xcconfig; name = "Pods-AppTeatroUITests.release.xcconfig"; path = "Pods/Target Support Files/Pods-AppTeatroUITests/Pods-AppTeatroUITests.release.xcconfig"; sourceTree = "<group>"; };
		62029E3821951061007479DA /* ChatsTableViewController.swift */ = {isa = PBXFileReference; lastKnownFileType = sourcecode.swift; name = ChatsTableViewController.swift; path = Controllers/ChatsTableViewController.swift; sourceTree = "<group>"; };
		62057ECB216AF03800101271 /* TabBarViewController.swift */ = {isa = PBXFileReference; lastKnownFileType = sourcecode.swift; name = TabBarViewController.swift; path = Controllers/TabBarViewController.swift; sourceTree = "<group>"; };
		62566C682117A770003FF8AA /* GoogleService-Info.plist */ = {isa = PBXFileReference; fileEncoding = 4; lastKnownFileType = text.plist.xml; path = "GoogleService-Info.plist"; sourceTree = "<group>"; };
		625C76712103B68F003F8F55 /* MeuPerfilViewController.swift */ = {isa = PBXFileReference; lastKnownFileType = sourcecode.swift; name = MeuPerfilViewController.swift; path = Controllers/MeuPerfilViewController.swift; sourceTree = "<group>"; };
		628592F7218E62C500B73332 /* EditarPerfilTableViewController.swift */ = {isa = PBXFileReference; lastKnownFileType = sourcecode.swift; name = EditarPerfilTableViewController.swift; path = Controllers/EditarPerfilTableViewController.swift; sourceTree = "<group>"; };
		629097E12159D1AD006F18E4 /* OnBoard02ViewController.swift */ = {isa = PBXFileReference; lastKnownFileType = sourcecode.swift; name = OnBoard02ViewController.swift; path = Controllers/OnBoard02ViewController.swift; sourceTree = "<group>"; };
		629097E32159D1CC006F18E4 /* OnBoard01ViewController.swift */ = {isa = PBXFileReference; lastKnownFileType = sourcecode.swift; name = OnBoard01ViewController.swift; path = Controllers/OnBoard01ViewController.swift; sourceTree = "<group>"; };
		629097E52159D1E0006F18E4 /* OnBoard03ViewController.swift */ = {isa = PBXFileReference; lastKnownFileType = sourcecode.swift; name = OnBoard03ViewController.swift; path = Controllers/OnBoard03ViewController.swift; sourceTree = "<group>"; };
		62A023C8219A660600D00F4B /* MessagesTableViewController.swift */ = {isa = PBXFileReference; lastKnownFileType = sourcecode.swift; name = MessagesTableViewController.swift; path = Controllers/MessagesTableViewController.swift; sourceTree = "<group>"; };
		62A023CA219A748400D00F4B /* MessageTableViewCell.swift */ = {isa = PBXFileReference; lastKnownFileType = sourcecode.swift; name = MessageTableViewCell.swift; path = Views/MessageTableViewCell.swift; sourceTree = "<group>"; };
		62B6B2A421863CB7006D1FED /* Structs.swift */ = {isa = PBXFileReference; lastKnownFileType = sourcecode.swift; name = Structs.swift; path = Structs/Structs.swift; sourceTree = "<group>"; };
		62CC6D0121615D9B008AE3D2 /* OnboardingPager.swift */ = {isa = PBXFileReference; lastKnownFileType = sourcecode.swift; name = OnboardingPager.swift; path = Controllers/OnboardingPager.swift; sourceTree = "<group>"; };
		643DF6D85E48CC79E3D2E249 /* Pods-AppTeatro.debug.xcconfig */ = {isa = PBXFileReference; includeInIndex = 1; lastKnownFileType = text.xcconfig; name = "Pods-AppTeatro.debug.xcconfig"; path = "Pods/Target Support Files/Pods-AppTeatro/Pods-AppTeatro.debug.xcconfig"; sourceTree = "<group>"; };
		6C8FFCE8B7053E93A04BBA15 /* Pods_AppTeatro.framework */ = {isa = PBXFileReference; explicitFileType = wrapper.framework; includeInIndex = 0; path = Pods_AppTeatro.framework; sourceTree = BUILT_PRODUCTS_DIR; };
		94CF9053806357F6B5386EAD /* Pods-AppTeatroTests.debug.xcconfig */ = {isa = PBXFileReference; includeInIndex = 1; lastKnownFileType = text.xcconfig; name = "Pods-AppTeatroTests.debug.xcconfig"; path = "Pods/Target Support Files/Pods-AppTeatroTests/Pods-AppTeatroTests.debug.xcconfig"; sourceTree = "<group>"; };
		99AAE942057D0D406E7361E7 /* Pods_AppTeatroTests.framework */ = {isa = PBXFileReference; explicitFileType = wrapper.framework; includeInIndex = 0; path = Pods_AppTeatroTests.framework; sourceTree = BUILT_PRODUCTS_DIR; };
		A88B392FE29D54870B932576 /* Pods-AppTeatroTests.release.xcconfig */ = {isa = PBXFileReference; includeInIndex = 1; lastKnownFileType = text.xcconfig; name = "Pods-AppTeatroTests.release.xcconfig"; path = "Pods/Target Support Files/Pods-AppTeatroTests/Pods-AppTeatroTests.release.xcconfig"; sourceTree = "<group>"; };
		ABFC291CC743DF903F8EE170 /* Pods-AppTeatroUITests.debug.xcconfig */ = {isa = PBXFileReference; includeInIndex = 1; lastKnownFileType = text.xcconfig; name = "Pods-AppTeatroUITests.debug.xcconfig"; path = "Pods/Target Support Files/Pods-AppTeatroUITests/Pods-AppTeatroUITests.debug.xcconfig"; sourceTree = "<group>"; };
		AF3FAA771ECE627B00FD9E2F /* CoreDataManager.swift */ = {isa = PBXFileReference; fileEncoding = 4; lastKnownFileType = sourcecode.swift; name = CoreDataManager.swift; path = Manager/CoreDataManager.swift; sourceTree = "<group>"; };
		AF8A4C661EBE2F2700F67EF7 /* SWRevealViewController.h */ = {isa = PBXFileReference; fileEncoding = 4; lastKnownFileType = sourcecode.c.h; name = SWRevealViewController.h; path = Library/SWRevealViewController.h; sourceTree = "<group>"; };
		AF8A4C671EBE2F2700F67EF7 /* SWRevealViewController.m */ = {isa = PBXFileReference; fileEncoding = 4; lastKnownFileType = sourcecode.c.objc; name = SWRevealViewController.m; path = Library/SWRevealViewController.m; sourceTree = "<group>"; };
		AF8A4C691EBE2F4300F67EF7 /* AppTeatro-Bridging-Header.h */ = {isa = PBXFileReference; lastKnownFileType = sourcecode.c.h; name = "AppTeatro-Bridging-Header.h"; path = "Library/AppTeatro-Bridging-Header.h"; sourceTree = "<group>"; };
		AFC5EA5F1EBFA689008F0856 /* ContentPageViewController.swift */ = {isa = PBXFileReference; fileEncoding = 4; lastKnownFileType = sourcecode.swift; name = ContentPageViewController.swift; path = Controllers/ContentPageViewController.swift; sourceTree = "<group>"; };
		AFC5EA611EBFA699008F0856 /* PageViewController.swift */ = {isa = PBXFileReference; fileEncoding = 4; lastKnownFileType = sourcecode.swift; name = PageViewController.swift; path = Controllers/PageViewController.swift; sourceTree = "<group>"; };
		EFD317D41C6F73F321E4A767 /* Pods_AppTeatroUITests.framework */ = {isa = PBXFileReference; explicitFileType = wrapper.framework; includeInIndex = 0; path = Pods_AppTeatroUITests.framework; sourceTree = BUILT_PRODUCTS_DIR; };
/* End PBXFileReference section */

/* Begin PBXFrameworksBuildPhase section */
		1FA676BD1EA3E3A100150964 /* Frameworks */ = {
			isa = PBXFrameworksBuildPhase;
			buildActionMask = 2147483647;
			files = (
				1FA676F61EA3E41C00150964 /* MapKit.framework in Frameworks */,
				AD2E9A27636151B23069EA0F /* Pods_AppTeatro.framework in Frameworks */,
			);
			runOnlyForDeploymentPostprocessing = 0;
		};
		1FA676D41EA3E3AA00150964 /* Frameworks */ = {
			isa = PBXFrameworksBuildPhase;
			buildActionMask = 2147483647;
			files = (
				8751624B200E7068A7C5AD50 /* Pods_AppTeatroTests.framework in Frameworks */,
			);
			runOnlyForDeploymentPostprocessing = 0;
		};
		1FA676DF1EA3E3AB00150964 /* Frameworks */ = {
			isa = PBXFrameworksBuildPhase;
			buildActionMask = 2147483647;
			files = (
				8D931EB50D33FCDE3CE20BE9 /* Pods_AppTeatroUITests.framework in Frameworks */,
			);
			runOnlyForDeploymentPostprocessing = 0;
		};
/* End PBXFrameworksBuildPhase section */

/* Begin PBXGroup section */
		1F6264C91EB93B5A00AB8DED /* Controllers */ = {
			isa = PBXGroup;
			children = (
				629097E02159D16E006F18E4 /* OnBoard */,
				3BC3D1E31EBA70DB0004E48A /* EventosTableViewController.swift */,
				AFC5EA5F1EBFA689008F0856 /* ContentPageViewController.swift */,
				AFC5EA611EBFA699008F0856 /* PageViewController.swift */,
				1F6795951EC0E61C001FE447 /* DescricaoTableViewController.swift */,
				1FC48EA21EC533F40028291A /* DetalhesTableViewController.swift */,
				1F7930431EEF0EC1008D6D30 /* RegisterPageViewController.swift */,
				1F6795971EC26062001FE447 /* LoginViewController.swift */,
				1F7930441EEF0EC1008D6D30 /* TeatrosTableViewController.swift */,
				1FBE66001EC6880B00BF87B4 /* LocalViewController.swift */,
				1F9D55A81ED1048200F085F9 /* FiltroViewController.swift */,
				1FBE66041ECA0CE200BF87B4 /* GenerosViewController.swift */,
				1F9D55CA1ED4D31400F085F9 /* PickerHoraViewController.swift */,
				3B2D5A951F3BB71C00A68272 /* PickerDataViewController.swift */,
				625C76712103B68F003F8F55 /* MeuPerfilViewController.swift */,
				628592F7218E62C500B73332 /* EditarPerfilTableViewController.swift */,
				62057ECB216AF03800101271 /* TabBarViewController.swift */,
				62029E3821951061007479DA /* ChatsTableViewController.swift */,
				62A023C8219A660600D00F4B /* MessagesTableViewController.swift */,
			);
			name = Controllers;
			sourceTree = "<group>";
		};
		1F7546FD1EE1F08000967C29 /* Extensions */ = {
			isa = PBXGroup;
			children = (
				1F8188291F3E651D00974D03 /* ExtensionString.swift */,
				1F8F7FFC1F60390400F55DB5 /* ExtensionUIImageView.swift */,
			);
			name = Extensions;
			sourceTree = "<group>";
		};
		1F7F580E1EBD1D4500644A1F /* Views */ = {
			isa = PBXGroup;
			children = (
				1F7930471EEF0F1C008D6D30 /* EventoTableViewCell.swift */,
				1F7930481EEF0F1C008D6D30 /* TeatroTableViewCell.swift */,
				1FC413E41EC384F200732ECB /* GeneroCollectionViewCell.swift */,
				1FC48EA01EC5333F0028291A /* DetalheTableViewCell.swift */,
				1FBE66021EC68DAB00BF87B4 /* LocalTableViewCell.swift */,
				62A023CA219A748400D00F4B /* MessageTableViewCell.swift */,
			);
			name = Views;
			sourceTree = "<group>";
		};
		1FA676B71EA3E3A100150964 = {
			isa = PBXGroup;
			children = (
				1FA676C21EA3E3A100150964 /* AppTeatro */,
				1FA676DA1EA3E3AA00150964 /* AppTeatroTests */,
				1FA676E51EA3E3AB00150964 /* AppTeatroUITests */,
				1FA676C11EA3E3A100150964 /* Products */,
				1FA676F41EA3E41C00150964 /* Frameworks */,
				56553891CA36E97C1DF3D8FD /* Pods */,
			);
			sourceTree = "<group>";
		};
		1FA676C11EA3E3A100150964 /* Products */ = {
			isa = PBXGroup;
			children = (
				1FA676C01EA3E3A100150964 /* AppTeatro.app */,
				1FA676D71EA3E3AA00150964 /* AppTeatroTests.xctest */,
				1FA676E21EA3E3AB00150964 /* AppTeatroUITests.xctest */,
			);
			name = Products;
			sourceTree = "<group>";
		};
		1FA676C21EA3E3A100150964 /* AppTeatro */ = {
			isa = PBXGroup;
			children = (
				62B6B2A121863C22006D1FED /* Structs */,
				3BD5C6881F3BAA4F003401C1 /* Designables */,
				1F7546FD1EE1F08000967C29 /* Extensions */,
				AF3FAA761ECE623F00FD9E2F /* Manager */,
				AF8A4C491EBE259100F67EF7 /* Library */,
				1F7F580E1EBD1D4500644A1F /* Views */,
				1F6264C91EB93B5A00AB8DED /* Controllers */,
				1FA676C31EA3E3A300150964 /* AppDelegate.swift */,
				1FA676C51EA3E3A300150964 /* ViewController.swift */,
				1FA676C71EA3E3A300150964 /* Main.storyboard */,
				1FA676CD1EA3E3A400150964 /* Assets.xcassets */,
				1FA676CF1EA3E3A400150964 /* LaunchScreen.storyboard */,
				1FA676D21EA3E3A400150964 /* Info.plist */,
				62566C682117A770003FF8AA /* GoogleService-Info.plist */,
				1FA676CA1EA3E3A400150964 /* AppTeatro.xcdatamodeld */,
				AF8A4C691EBE2F4300F67EF7 /* AppTeatro-Bridging-Header.h */,
			);
			path = AppTeatro;
			sourceTree = "<group>";
		};
		1FA676DA1EA3E3AA00150964 /* AppTeatroTests */ = {
			isa = PBXGroup;
			children = (
				1FA676DB1EA3E3AA00150964 /* AppTeatroTests.swift */,
				1FA676DD1EA3E3AB00150964 /* Info.plist */,
			);
			path = AppTeatroTests;
			sourceTree = "<group>";
		};
		1FA676E51EA3E3AB00150964 /* AppTeatroUITests */ = {
			isa = PBXGroup;
			children = (
				1FA676E61EA3E3AB00150964 /* AppTeatroUITests.swift */,
				1FA676E81EA3E3AC00150964 /* Info.plist */,
			);
			path = AppTeatroUITests;
			sourceTree = "<group>";
		};
		1FA676F41EA3E41C00150964 /* Frameworks */ = {
			isa = PBXGroup;
			children = (
				1FA676F51EA3E41C00150964 /* MapKit.framework */,
				6C8FFCE8B7053E93A04BBA15 /* Pods_AppTeatro.framework */,
				99AAE942057D0D406E7361E7 /* Pods_AppTeatroTests.framework */,
				EFD317D41C6F73F321E4A767 /* Pods_AppTeatroUITests.framework */,
			);
			name = Frameworks;
			sourceTree = "<group>";
		};
		3BD5C6881F3BAA4F003401C1 /* Designables */ = {
			isa = PBXGroup;
			children = (
				3BD5C6891F3BAABF003401C1 /* DesignableView.swift */,
			);
			name = Designables;
			sourceTree = "<group>";
		};
		56553891CA36E97C1DF3D8FD /* Pods */ = {
			isa = PBXGroup;
			children = (
				643DF6D85E48CC79E3D2E249 /* Pods-AppTeatro.debug.xcconfig */,
				1267E58E23E310FAC56545E2 /* Pods-AppTeatro.release.xcconfig */,
				94CF9053806357F6B5386EAD /* Pods-AppTeatroTests.debug.xcconfig */,
				A88B392FE29D54870B932576 /* Pods-AppTeatroTests.release.xcconfig */,
				ABFC291CC743DF903F8EE170 /* Pods-AppTeatroUITests.debug.xcconfig */,
				55BEFD040ACF627015DD88CC /* Pods-AppTeatroUITests.release.xcconfig */,
			);
			name = Pods;
			sourceTree = "<group>";
		};
		629097E02159D16E006F18E4 /* OnBoard */ = {
			isa = PBXGroup;
			children = (
				629097E12159D1AD006F18E4 /* OnBoard02ViewController.swift */,
				629097E32159D1CC006F18E4 /* OnBoard01ViewController.swift */,
				629097E52159D1E0006F18E4 /* OnBoard03ViewController.swift */,
				62CC6D0121615D9B008AE3D2 /* OnboardingPager.swift */,
			);
			name = OnBoard;
			sourceTree = "<group>";
		};
		62B6B2A121863C22006D1FED /* Structs */ = {
			isa = PBXGroup;
			children = (
				62B6B2A421863CB7006D1FED /* Structs.swift */,
			);
			name = Structs;
			sourceTree = "<group>";
		};
		AF3FAA761ECE623F00FD9E2F /* Manager */ = {
			isa = PBXGroup;
			children = (
				AF3FAA771ECE627B00FD9E2F /* CoreDataManager.swift */,
				1F8F7FFE1F603BE900F55DB5 /* RestApiService.swift */,
				3B7F06BC1F60CDFB00D65E0C /* RestToCoreData.swift */,
			);
			name = Manager;
			sourceTree = "<group>";
		};
		AF8A4C491EBE259100F67EF7 /* Library */ = {
			isa = PBXGroup;
			children = (
				AF8A4C661EBE2F2700F67EF7 /* SWRevealViewController.h */,
				AF8A4C671EBE2F2700F67EF7 /* SWRevealViewController.m */,
			);
			name = Library;
			sourceTree = "<group>";
		};
/* End PBXGroup section */

/* Begin PBXNativeTarget section */
		1FA676BF1EA3E3A100150964 /* AppTeatro */ = {
			isa = PBXNativeTarget;
			buildConfigurationList = 1FA676EB1EA3E3AC00150964 /* Build configuration list for PBXNativeTarget "AppTeatro" */;
			buildPhases = (
				0E7BB4B255378D5BE097F1E6 /* [CP] Check Pods Manifest.lock */,
				1FA676BC1EA3E3A100150964 /* Sources */,
				1FA676BD1EA3E3A100150964 /* Frameworks */,
				1FA676BE1EA3E3A100150964 /* Resources */,
				F8C1347D67BCADEB218AE9E6 /* [CP] Embed Pods Frameworks */,
			);
			buildRules = (
			);
			dependencies = (
			);
			name = AppTeatro;
			productName = AppTeatro;
			productReference = 1FA676C01EA3E3A100150964 /* AppTeatro.app */;
			productType = "com.apple.product-type.application";
		};
		1FA676D61EA3E3AA00150964 /* AppTeatroTests */ = {
			isa = PBXNativeTarget;
			buildConfigurationList = 1FA676EE1EA3E3AC00150964 /* Build configuration list for PBXNativeTarget "AppTeatroTests" */;
			buildPhases = (
				7433372FC1B432AC2F1F4F00 /* [CP] Check Pods Manifest.lock */,
				1FA676D31EA3E3AA00150964 /* Sources */,
				1FA676D41EA3E3AA00150964 /* Frameworks */,
				1FA676D51EA3E3AA00150964 /* Resources */,
			);
			buildRules = (
			);
			dependencies = (
				1FA676D91EA3E3AA00150964 /* PBXTargetDependency */,
			);
			name = AppTeatroTests;
			productName = AppTeatroTests;
			productReference = 1FA676D71EA3E3AA00150964 /* AppTeatroTests.xctest */;
			productType = "com.apple.product-type.bundle.unit-test";
		};
		1FA676E11EA3E3AB00150964 /* AppTeatroUITests */ = {
			isa = PBXNativeTarget;
			buildConfigurationList = 1FA676F11EA3E3AC00150964 /* Build configuration list for PBXNativeTarget "AppTeatroUITests" */;
			buildPhases = (
				B78378B6CCCAEB7894C406F8 /* [CP] Check Pods Manifest.lock */,
				1FA676DE1EA3E3AB00150964 /* Sources */,
				1FA676DF1EA3E3AB00150964 /* Frameworks */,
				1FA676E01EA3E3AB00150964 /* Resources */,
			);
			buildRules = (
			);
			dependencies = (
				1FA676E41EA3E3AB00150964 /* PBXTargetDependency */,
			);
			name = AppTeatroUITests;
			productName = AppTeatroUITests;
			productReference = 1FA676E21EA3E3AB00150964 /* AppTeatroUITests.xctest */;
			productType = "com.apple.product-type.bundle.ui-testing";
		};
/* End PBXNativeTarget section */

/* Begin PBXProject section */
		1FA676B81EA3E3A100150964 /* Project object */ = {
			isa = PBXProject;
			attributes = {
				LastSwiftUpdateCheck = 0830;
				LastUpgradeCheck = 0940;
				ORGANIZATIONNAME = MyMac;
				TargetAttributes = {
					1FA676BF1EA3E3A100150964 = {
						CreatedOnToolsVersion = 8.3;
						LastSwiftMigration = 0920;
						ProvisioningStyle = Automatic;
						SystemCapabilities = {
							com.apple.Maps.iOS = {
								enabled = 1;
							};
						};
					};
					1FA676D61EA3E3AA00150964 = {
						CreatedOnToolsVersion = 8.3;
						LastSwiftMigration = 0920;
						ProvisioningStyle = Automatic;
						TestTargetID = 1FA676BF1EA3E3A100150964;
					};
					1FA676E11EA3E3AB00150964 = {
						CreatedOnToolsVersion = 8.3;
						LastSwiftMigration = 0920;
						ProvisioningStyle = Automatic;
						TestTargetID = 1FA676BF1EA3E3A100150964;
					};
				};
			};
			buildConfigurationList = 1FA676BB1EA3E3A100150964 /* Build configuration list for PBXProject "AppTeatro" */;
			compatibilityVersion = "Xcode 3.2";
			developmentRegion = English;
			hasScannedForEncodings = 0;
			knownRegions = (
				en,
				Base,
			);
			mainGroup = 1FA676B71EA3E3A100150964;
			productRefGroup = 1FA676C11EA3E3A100150964 /* Products */;
			projectDirPath = "";
			projectRoot = "";
			targets = (
				1FA676BF1EA3E3A100150964 /* AppTeatro */,
				1FA676D61EA3E3AA00150964 /* AppTeatroTests */,
				1FA676E11EA3E3AB00150964 /* AppTeatroUITests */,
			);
		};
/* End PBXProject section */

/* Begin PBXResourcesBuildPhase section */
		1FA676BE1EA3E3A100150964 /* Resources */ = {
			isa = PBXResourcesBuildPhase;
			buildActionMask = 2147483647;
			files = (
				1FA676D11EA3E3A400150964 /* LaunchScreen.storyboard in Resources */,
				62566C692117A770003FF8AA /* GoogleService-Info.plist in Resources */,
				1FA676CE1EA3E3A400150964 /* Assets.xcassets in Resources */,
				1FA676C91EA3E3A300150964 /* Main.storyboard in Resources */,
			);
			runOnlyForDeploymentPostprocessing = 0;
		};
		1FA676D51EA3E3AA00150964 /* Resources */ = {
			isa = PBXResourcesBuildPhase;
			buildActionMask = 2147483647;
			files = (
			);
			runOnlyForDeploymentPostprocessing = 0;
		};
		1FA676E01EA3E3AB00150964 /* Resources */ = {
			isa = PBXResourcesBuildPhase;
			buildActionMask = 2147483647;
			files = (
			);
			runOnlyForDeploymentPostprocessing = 0;
		};
/* End PBXResourcesBuildPhase section */

/* Begin PBXShellScriptBuildPhase section */
		0E7BB4B255378D5BE097F1E6 /* [CP] Check Pods Manifest.lock */ = {
			isa = PBXShellScriptBuildPhase;
			buildActionMask = 2147483647;
			files = (
			);
			inputPaths = (
				"${PODS_PODFILE_DIR_PATH}/Podfile.lock",
				"${PODS_ROOT}/Manifest.lock",
			);
			name = "[CP] Check Pods Manifest.lock";
			outputPaths = (
				"$(DERIVED_FILE_DIR)/Pods-AppTeatro-checkManifestLockResult.txt",
			);
			runOnlyForDeploymentPostprocessing = 0;
			shellPath = /bin/sh;
			shellScript = "diff \"${PODS_PODFILE_DIR_PATH}/Podfile.lock\" \"${PODS_ROOT}/Manifest.lock\" > /dev/null\nif [ $? != 0 ] ; then\n    # print error to STDERR\n    echo \"error: The sandbox is not in sync with the Podfile.lock. Run 'pod install' or update your CocoaPods installation.\" >&2\n    exit 1\nfi\n# This output is used by Xcode 'outputs' to avoid re-running this script phase.\necho \"SUCCESS\" > \"${SCRIPT_OUTPUT_FILE_0}\"\n";
			showEnvVarsInLog = 0;
		};
		7433372FC1B432AC2F1F4F00 /* [CP] Check Pods Manifest.lock */ = {
			isa = PBXShellScriptBuildPhase;
			buildActionMask = 2147483647;
			files = (
			);
			inputPaths = (
				"${PODS_PODFILE_DIR_PATH}/Podfile.lock",
				"${PODS_ROOT}/Manifest.lock",
			);
			name = "[CP] Check Pods Manifest.lock";
			outputPaths = (
				"$(DERIVED_FILE_DIR)/Pods-AppTeatroTests-checkManifestLockResult.txt",
			);
			runOnlyForDeploymentPostprocessing = 0;
			shellPath = /bin/sh;
			shellScript = "diff \"${PODS_PODFILE_DIR_PATH}/Podfile.lock\" \"${PODS_ROOT}/Manifest.lock\" > /dev/null\nif [ $? != 0 ] ; then\n    # print error to STDERR\n    echo \"error: The sandbox is not in sync with the Podfile.lock. Run 'pod install' or update your CocoaPods installation.\" >&2\n    exit 1\nfi\n# This output is used by Xcode 'outputs' to avoid re-running this script phase.\necho \"SUCCESS\" > \"${SCRIPT_OUTPUT_FILE_0}\"\n";
			showEnvVarsInLog = 0;
		};
		B78378B6CCCAEB7894C406F8 /* [CP] Check Pods Manifest.lock */ = {
			isa = PBXShellScriptBuildPhase;
			buildActionMask = 2147483647;
			files = (
			);
			inputPaths = (
				"${PODS_PODFILE_DIR_PATH}/Podfile.lock",
				"${PODS_ROOT}/Manifest.lock",
			);
			name = "[CP] Check Pods Manifest.lock";
			outputPaths = (
				"$(DERIVED_FILE_DIR)/Pods-AppTeatroUITests-checkManifestLockResult.txt",
			);
			runOnlyForDeploymentPostprocessing = 0;
			shellPath = /bin/sh;
			shellScript = "diff \"${PODS_PODFILE_DIR_PATH}/Podfile.lock\" \"${PODS_ROOT}/Manifest.lock\" > /dev/null\nif [ $? != 0 ] ; then\n    # print error to STDERR\n    echo \"error: The sandbox is not in sync with the Podfile.lock. Run 'pod install' or update your CocoaPods installation.\" >&2\n    exit 1\nfi\n# This output is used by Xcode 'outputs' to avoid re-running this script phase.\necho \"SUCCESS\" > \"${SCRIPT_OUTPUT_FILE_0}\"\n";
			showEnvVarsInLog = 0;
		};
		F8C1347D67BCADEB218AE9E6 /* [CP] Embed Pods Frameworks */ = {
			isa = PBXShellScriptBuildPhase;
			buildActionMask = 2147483647;
			files = (
			);
			inputPaths = (
				"${SRCROOT}/Pods/Target Support Files/Pods-AppTeatro/Pods-AppTeatro-frameworks.sh",
				"${BUILT_PRODUCTS_DIR}/GTMSessionFetcher/GTMSessionFetcher.framework",
				"${BUILT_PRODUCTS_DIR}/GoogleUtilities/GoogleUtilities.framework",
				"${BUILT_PRODUCTS_DIR}/leveldb-library/leveldb.framework",
				"${BUILT_PRODUCTS_DIR}/nanopb/nanopb.framework",
			);
			name = "[CP] Embed Pods Frameworks";
			outputPaths = (
				"${TARGET_BUILD_DIR}/${FRAMEWORKS_FOLDER_PATH}/GTMSessionFetcher.framework",
				"${TARGET_BUILD_DIR}/${FRAMEWORKS_FOLDER_PATH}/GoogleUtilities.framework",
				"${TARGET_BUILD_DIR}/${FRAMEWORKS_FOLDER_PATH}/leveldb.framework",
				"${TARGET_BUILD_DIR}/${FRAMEWORKS_FOLDER_PATH}/nanopb.framework",
			);
			runOnlyForDeploymentPostprocessing = 0;
			shellPath = /bin/sh;
			shellScript = "\"${SRCROOT}/Pods/Target Support Files/Pods-AppTeatro/Pods-AppTeatro-frameworks.sh\"\n";
			showEnvVarsInLog = 0;
		};
/* End PBXShellScriptBuildPhase section */

/* Begin PBXSourcesBuildPhase section */
		1FA676BC1EA3E3A100150964 /* Sources */ = {
			isa = PBXSourcesBuildPhase;
			buildActionMask = 2147483647;
			files = (
				62B6B2A521863CB7006D1FED /* Structs.swift in Sources */,
				1F6795981EC26062001FE447 /* LoginViewController.swift in Sources */,
				1F79304A1EEF0F1C008D6D30 /* TeatroTableViewCell.swift in Sources */,
				625C76722103B68F003F8F55 /* MeuPerfilViewController.swift in Sources */,
				1FBE66051ECA0CE200BF87B4 /* GenerosViewController.swift in Sources */,
				1F9D55A91ED1048200F085F9 /* FiltroViewController.swift in Sources */,
				1FA676C61EA3E3A300150964 /* ViewController.swift in Sources */,
				1F7930451EEF0EC1008D6D30 /* RegisterPageViewController.swift in Sources */,
				AFC5EA621EBFA699008F0856 /* PageViewController.swift in Sources */,
				62CC6D0221615D9B008AE3D2 /* OnboardingPager.swift in Sources */,
				AF3FAA781ECE627B00FD9E2F /* CoreDataManager.swift in Sources */,
				1F9D55CB1ED4D31400F085F9 /* PickerHoraViewController.swift in Sources */,
				1FA676CC1EA3E3A400150964 /* AppTeatro.xcdatamodeld in Sources */,
				1FC48EA31EC533F40028291A /* DetalhesTableViewController.swift in Sources */,
				AFC5EA601EBFA689008F0856 /* ContentPageViewController.swift in Sources */,
				AF8A4C681EBE2F2700F67EF7 /* SWRevealViewController.m in Sources */,
				1FC413E51EC384F200732ECB /* GeneroCollectionViewCell.swift in Sources */,
				3BD5C68A1F3BAABF003401C1 /* DesignableView.swift in Sources */,
				1F8F7FFF1F603BE900F55DB5 /* RestApiService.swift in Sources */,
				1F81882A1F3E651D00974D03 /* ExtensionString.swift in Sources */,
				62A023CB219A748400D00F4B /* MessageTableViewCell.swift in Sources */,
				62029E3921951061007479DA /* ChatsTableViewController.swift in Sources */,
				1F7930461EEF0EC1008D6D30 /* TeatrosTableViewController.swift in Sources */,
				3B2D5A961F3BB71C00A68272 /* PickerDataViewController.swift in Sources */,
				62A023C9219A660600D00F4B /* MessagesTableViewController.swift in Sources */,
				1FA676C41EA3E3A300150964 /* AppDelegate.swift in Sources */,
				1F6795961EC0E61C001FE447 /* DescricaoTableViewController.swift in Sources */,
				629097E42159D1CC006F18E4 /* OnBoard01ViewController.swift in Sources */,
				1FBE66031EC68DAB00BF87B4 /* LocalTableViewCell.swift in Sources */,
				628592F8218E62C500B73332 /* EditarPerfilTableViewController.swift in Sources */,
				1F7930491EEF0F1C008D6D30 /* EventoTableViewCell.swift in Sources */,
				62057ECC216AF03800101271 /* TabBarViewController.swift in Sources */,
				3B7F06BD1F60CDFB00D65E0C /* RestToCoreData.swift in Sources */,
				1F8F7FFD1F60390400F55DB5 /* ExtensionUIImageView.swift in Sources */,
				3BC3D1E41EBA70DB0004E48A /* EventosTableViewController.swift in Sources */,
				1FBE66011EC6880B00BF87B4 /* LocalViewController.swift in Sources */,
				1FC48EA11EC5333F0028291A /* DetalheTableViewCell.swift in Sources */,
				629097E22159D1AD006F18E4 /* OnBoard02ViewController.swift in Sources */,
				629097E62159D1E0006F18E4 /* OnBoard03ViewController.swift in Sources */,
			);
			runOnlyForDeploymentPostprocessing = 0;
		};
		1FA676D31EA3E3AA00150964 /* Sources */ = {
			isa = PBXSourcesBuildPhase;
			buildActionMask = 2147483647;
			files = (
				1FA676DC1EA3E3AA00150964 /* AppTeatroTests.swift in Sources */,
			);
			runOnlyForDeploymentPostprocessing = 0;
		};
		1FA676DE1EA3E3AB00150964 /* Sources */ = {
			isa = PBXSourcesBuildPhase;
			buildActionMask = 2147483647;
			files = (
				1FA676E71EA3E3AB00150964 /* AppTeatroUITests.swift in Sources */,
			);
			runOnlyForDeploymentPostprocessing = 0;
		};
/* End PBXSourcesBuildPhase section */

/* Begin PBXTargetDependency section */
		1FA676D91EA3E3AA00150964 /* PBXTargetDependency */ = {
			isa = PBXTargetDependency;
			target = 1FA676BF1EA3E3A100150964 /* AppTeatro */;
			targetProxy = 1FA676D81EA3E3AA00150964 /* PBXContainerItemProxy */;
		};
		1FA676E41EA3E3AB00150964 /* PBXTargetDependency */ = {
			isa = PBXTargetDependency;
			target = 1FA676BF1EA3E3A100150964 /* AppTeatro */;
			targetProxy = 1FA676E31EA3E3AB00150964 /* PBXContainerItemProxy */;
		};
/* End PBXTargetDependency section */

/* Begin PBXVariantGroup section */
		1FA676C71EA3E3A300150964 /* Main.storyboard */ = {
			isa = PBXVariantGroup;
			children = (
				1FA676C81EA3E3A300150964 /* Base */,
			);
			name = Main.storyboard;
			sourceTree = "<group>";
		};
		1FA676CF1EA3E3A400150964 /* LaunchScreen.storyboard */ = {
			isa = PBXVariantGroup;
			children = (
				1FA676D01EA3E3A400150964 /* Base */,
			);
			name = LaunchScreen.storyboard;
			sourceTree = "<group>";
		};
/* End PBXVariantGroup section */

/* Begin XCBuildConfiguration section */
		1FA676E91EA3E3AC00150964 /* Debug */ = {
			isa = XCBuildConfiguration;
			buildSettings = {
				ALWAYS_SEARCH_USER_PATHS = NO;
				CLANG_ANALYZER_NONNULL = YES;
				CLANG_ANALYZER_NUMBER_OBJECT_CONVERSION = YES_AGGRESSIVE;
				CLANG_CXX_LANGUAGE_STANDARD = "gnu++0x";
				CLANG_CXX_LIBRARY = "libc++";
				CLANG_ENABLE_MODULES = YES;
				CLANG_ENABLE_OBJC_ARC = YES;
				CLANG_WARN_BLOCK_CAPTURE_AUTORELEASING = YES;
				CLANG_WARN_BOOL_CONVERSION = YES;
				CLANG_WARN_COMMA = YES;
				CLANG_WARN_CONSTANT_CONVERSION = YES;
				CLANG_WARN_DEPRECATED_OBJC_IMPLEMENTATIONS = YES;
				CLANG_WARN_DIRECT_OBJC_ISA_USAGE = YES_ERROR;
				CLANG_WARN_DOCUMENTATION_COMMENTS = YES;
				CLANG_WARN_EMPTY_BODY = YES;
				CLANG_WARN_ENUM_CONVERSION = YES;
				CLANG_WARN_INFINITE_RECURSION = YES;
				CLANG_WARN_INT_CONVERSION = YES;
				CLANG_WARN_NON_LITERAL_NULL_CONVERSION = YES;
				CLANG_WARN_OBJC_IMPLICIT_RETAIN_SELF = YES;
				CLANG_WARN_OBJC_LITERAL_CONVERSION = YES;
				CLANG_WARN_OBJC_ROOT_CLASS = YES_ERROR;
				CLANG_WARN_RANGE_LOOP_ANALYSIS = YES;
				CLANG_WARN_STRICT_PROTOTYPES = YES;
				CLANG_WARN_SUSPICIOUS_MOVE = YES;
				CLANG_WARN_UNREACHABLE_CODE = YES;
				CLANG_WARN__DUPLICATE_METHOD_MATCH = YES;
				"CODE_SIGN_IDENTITY[sdk=iphoneos*]" = "iPhone Developer";
				COPY_PHASE_STRIP = NO;
				DEBUG_INFORMATION_FORMAT = dwarf;
				ENABLE_STRICT_OBJC_MSGSEND = YES;
				ENABLE_TESTABILITY = YES;
				GCC_C_LANGUAGE_STANDARD = gnu99;
				GCC_DYNAMIC_NO_PIC = NO;
				GCC_NO_COMMON_BLOCKS = YES;
				GCC_OPTIMIZATION_LEVEL = 0;
				GCC_PREPROCESSOR_DEFINITIONS = (
					"DEBUG=1",
					"$(inherited)",
				);
				GCC_WARN_64_TO_32_BIT_CONVERSION = YES;
				GCC_WARN_ABOUT_RETURN_TYPE = YES_ERROR;
				GCC_WARN_UNDECLARED_SELECTOR = YES;
				GCC_WARN_UNINITIALIZED_AUTOS = YES_AGGRESSIVE;
				GCC_WARN_UNUSED_FUNCTION = YES;
				GCC_WARN_UNUSED_VARIABLE = YES;
				IPHONEOS_DEPLOYMENT_TARGET = 10.3;
				MTL_ENABLE_DEBUG_INFO = YES;
				ONLY_ACTIVE_ARCH = YES;
				SDKROOT = iphoneos;
				SWIFT_ACTIVE_COMPILATION_CONDITIONS = DEBUG;
				SWIFT_OPTIMIZATION_LEVEL = "-Onone";
				TARGETED_DEVICE_FAMILY = "1,2";
			};
			name = Debug;
		};
		1FA676EA1EA3E3AC00150964 /* Release */ = {
			isa = XCBuildConfiguration;
			buildSettings = {
				ALWAYS_SEARCH_USER_PATHS = NO;
				CLANG_ANALYZER_NONNULL = YES;
				CLANG_ANALYZER_NUMBER_OBJECT_CONVERSION = YES_AGGRESSIVE;
				CLANG_CXX_LANGUAGE_STANDARD = "gnu++0x";
				CLANG_CXX_LIBRARY = "libc++";
				CLANG_ENABLE_MODULES = YES;
				CLANG_ENABLE_OBJC_ARC = YES;
				CLANG_WARN_BLOCK_CAPTURE_AUTORELEASING = YES;
				CLANG_WARN_BOOL_CONVERSION = YES;
				CLANG_WARN_COMMA = YES;
				CLANG_WARN_CONSTANT_CONVERSION = YES;
				CLANG_WARN_DEPRECATED_OBJC_IMPLEMENTATIONS = YES;
				CLANG_WARN_DIRECT_OBJC_ISA_USAGE = YES_ERROR;
				CLANG_WARN_DOCUMENTATION_COMMENTS = YES;
				CLANG_WARN_EMPTY_BODY = YES;
				CLANG_WARN_ENUM_CONVERSION = YES;
				CLANG_WARN_INFINITE_RECURSION = YES;
				CLANG_WARN_INT_CONVERSION = YES;
				CLANG_WARN_NON_LITERAL_NULL_CONVERSION = YES;
				CLANG_WARN_OBJC_IMPLICIT_RETAIN_SELF = YES;
				CLANG_WARN_OBJC_LITERAL_CONVERSION = YES;
				CLANG_WARN_OBJC_ROOT_CLASS = YES_ERROR;
				CLANG_WARN_RANGE_LOOP_ANALYSIS = YES;
				CLANG_WARN_STRICT_PROTOTYPES = YES;
				CLANG_WARN_SUSPICIOUS_MOVE = YES;
				CLANG_WARN_UNREACHABLE_CODE = YES;
				CLANG_WARN__DUPLICATE_METHOD_MATCH = YES;
				"CODE_SIGN_IDENTITY[sdk=iphoneos*]" = "iPhone Developer";
				COPY_PHASE_STRIP = NO;
				DEBUG_INFORMATION_FORMAT = "dwarf-with-dsym";
				ENABLE_NS_ASSERTIONS = NO;
				ENABLE_STRICT_OBJC_MSGSEND = YES;
				GCC_C_LANGUAGE_STANDARD = gnu99;
				GCC_NO_COMMON_BLOCKS = YES;
				GCC_WARN_64_TO_32_BIT_CONVERSION = YES;
				GCC_WARN_ABOUT_RETURN_TYPE = YES_ERROR;
				GCC_WARN_UNDECLARED_SELECTOR = YES;
				GCC_WARN_UNINITIALIZED_AUTOS = YES_AGGRESSIVE;
				GCC_WARN_UNUSED_FUNCTION = YES;
				GCC_WARN_UNUSED_VARIABLE = YES;
				IPHONEOS_DEPLOYMENT_TARGET = 10.3;
				MTL_ENABLE_DEBUG_INFO = NO;
				SDKROOT = iphoneos;
				SWIFT_OPTIMIZATION_LEVEL = "-Owholemodule";
				TARGETED_DEVICE_FAMILY = "1,2";
				VALIDATE_PRODUCT = YES;
			};
			name = Release;
		};
		1FA676EC1EA3E3AC00150964 /* Debug */ = {
			isa = XCBuildConfiguration;
			baseConfigurationReference = 643DF6D85E48CC79E3D2E249 /* Pods-AppTeatro.debug.xcconfig */;
			buildSettings = {
				ASSETCATALOG_COMPILER_APPICON_NAME = AppIcon;
				CLANG_ENABLE_MODULES = YES;
				DEVELOPMENT_TEAM = "";
				INFOPLIST_FILE = AppTeatro/Info.plist;
				IPHONEOS_DEPLOYMENT_TARGET = 10.0;
				LD_RUNPATH_SEARCH_PATHS = "$(inherited) @executable_path/Frameworks";
				PRODUCT_BUNDLE_IDENTIFIER = MyMac.AppTeatro;
				PRODUCT_NAME = "$(TARGET_NAME)";
				SWIFT_OBJC_BRIDGING_HEADER = "AppTeatro/AppTeatro-Bridging-Header.h";
				SWIFT_OPTIMIZATION_LEVEL = "-Onone";
				SWIFT_SWIFT3_OBJC_INFERENCE = On;
				SWIFT_VERSION = 4.0;
			};
			name = Debug;
		};
		1FA676ED1EA3E3AC00150964 /* Release */ = {
			isa = XCBuildConfiguration;
			baseConfigurationReference = 1267E58E23E310FAC56545E2 /* Pods-AppTeatro.release.xcconfig */;
			buildSettings = {
				ASSETCATALOG_COMPILER_APPICON_NAME = AppIcon;
				CLANG_ENABLE_MODULES = YES;
				DEVELOPMENT_TEAM = "";
				INFOPLIST_FILE = AppTeatro/Info.plist;
				IPHONEOS_DEPLOYMENT_TARGET = 10.0;
				LD_RUNPATH_SEARCH_PATHS = "$(inherited) @executable_path/Frameworks";
				PRODUCT_BUNDLE_IDENTIFIER = MyMac.AppTeatro;
				PRODUCT_NAME = "$(TARGET_NAME)";
				SWIFT_OBJC_BRIDGING_HEADER = "AppTeatro/AppTeatro-Bridging-Header.h";
				SWIFT_SWIFT3_OBJC_INFERENCE = On;
				SWIFT_VERSION = 4.0;
			};
			name = Release;
		};
		1FA676EF1EA3E3AC00150964 /* Debug */ = {
			isa = XCBuildConfiguration;
			baseConfigurationReference = 94CF9053806357F6B5386EAD /* Pods-AppTeatroTests.debug.xcconfig */;
			buildSettings = {
				ALWAYS_EMBED_SWIFT_STANDARD_LIBRARIES = YES;
				BUNDLE_LOADER = "$(TEST_HOST)";
				CLANG_ENABLE_MODULES = YES;
				INFOPLIST_FILE = AppTeatroTests/Info.plist;
				IPHONEOS_DEPLOYMENT_TARGET = 10.0;
				LD_RUNPATH_SEARCH_PATHS = "$(inherited) @executable_path/Frameworks @loader_path/Frameworks";
				PRODUCT_BUNDLE_IDENTIFIER = MyMac.AppTeatroTests;
				PRODUCT_NAME = "$(TARGET_NAME)";
				SWIFT_OBJC_BRIDGING_HEADER = "AppTeatro/AppTeatroTests-Bridging-Header.h";
				SWIFT_OPTIMIZATION_LEVEL = "-Onone";
				SWIFT_SWIFT3_OBJC_INFERENCE = On;
				SWIFT_VERSION = 4.0;
				TEST_HOST = "$(BUILT_PRODUCTS_DIR)/AppTeatro.app/AppTeatro";
			};
			name = Debug;
		};
		1FA676F01EA3E3AC00150964 /* Release */ = {
			isa = XCBuildConfiguration;
			baseConfigurationReference = A88B392FE29D54870B932576 /* Pods-AppTeatroTests.release.xcconfig */;
			buildSettings = {
				ALWAYS_EMBED_SWIFT_STANDARD_LIBRARIES = YES;
				BUNDLE_LOADER = "$(TEST_HOST)";
				CLANG_ENABLE_MODULES = YES;
				INFOPLIST_FILE = AppTeatroTests/Info.plist;
				IPHONEOS_DEPLOYMENT_TARGET = 10.0;
				LD_RUNPATH_SEARCH_PATHS = "$(inherited) @executable_path/Frameworks @loader_path/Frameworks";
				PRODUCT_BUNDLE_IDENTIFIER = MyMac.AppTeatroTests;
				PRODUCT_NAME = "$(TARGET_NAME)";
				SWIFT_OBJC_BRIDGING_HEADER = "AppTeatro/AppTeatroTests-Bridging-Header.h";
				SWIFT_SWIFT3_OBJC_INFERENCE = On;
				SWIFT_VERSION = 4.0;
				TEST_HOST = "$(BUILT_PRODUCTS_DIR)/AppTeatro.app/AppTeatro";
			};
			name = Release;
		};
		1FA676F21EA3E3AC00150964 /* Debug */ = {
			isa = XCBuildConfiguration;
			baseConfigurationReference = ABFC291CC743DF903F8EE170 /* Pods-AppTeatroUITests.debug.xcconfig */;
			buildSettings = {
				ALWAYS_EMBED_SWIFT_STANDARD_LIBRARIES = YES;
				CLANG_ENABLE_MODULES = YES;
				INFOPLIST_FILE = AppTeatroUITests/Info.plist;
				IPHONEOS_DEPLOYMENT_TARGET = 10.0;
				LD_RUNPATH_SEARCH_PATHS = "$(inherited) @executable_path/Frameworks @loader_path/Frameworks";
				PRODUCT_BUNDLE_IDENTIFIER = MyMac.AppTeatroUITests;
				PRODUCT_NAME = "$(TARGET_NAME)";
				SWIFT_OBJC_BRIDGING_HEADER = "AppTeatro/AppTeatroUITests-Bridging-Header.h";
				SWIFT_OPTIMIZATION_LEVEL = "-Onone";
				SWIFT_SWIFT3_OBJC_INFERENCE = On;
				SWIFT_VERSION = 4.0;
				TEST_TARGET_NAME = AppTeatro;
			};
			name = Debug;
		};
		1FA676F31EA3E3AC00150964 /* Release */ = {
			isa = XCBuildConfiguration;
			baseConfigurationReference = 55BEFD040ACF627015DD88CC /* Pods-AppTeatroUITests.release.xcconfig */;
			buildSettings = {
				ALWAYS_EMBED_SWIFT_STANDARD_LIBRARIES = YES;
				CLANG_ENABLE_MODULES = YES;
				INFOPLIST_FILE = AppTeatroUITests/Info.plist;
				IPHONEOS_DEPLOYMENT_TARGET = 10.0;
				LD_RUNPATH_SEARCH_PATHS = "$(inherited) @executable_path/Frameworks @loader_path/Frameworks";
				PRODUCT_BUNDLE_IDENTIFIER = MyMac.AppTeatroUITests;
				PRODUCT_NAME = "$(TARGET_NAME)";
				SWIFT_OBJC_BRIDGING_HEADER = "AppTeatro/AppTeatroUITests-Bridging-Header.h";
				SWIFT_SWIFT3_OBJC_INFERENCE = On;
				SWIFT_VERSION = 4.0;
				TEST_TARGET_NAME = AppTeatro;
			};
			name = Release;
		};
/* End XCBuildConfiguration section */

/* Begin XCConfigurationList section */
		1FA676BB1EA3E3A100150964 /* Build configuration list for PBXProject "AppTeatro" */ = {
			isa = XCConfigurationList;
			buildConfigurations = (
				1FA676E91EA3E3AC00150964 /* Debug */,
				1FA676EA1EA3E3AC00150964 /* Release */,
			);
			defaultConfigurationIsVisible = 0;
			defaultConfigurationName = Release;
		};
		1FA676EB1EA3E3AC00150964 /* Build configuration list for PBXNativeTarget "AppTeatro" */ = {
			isa = XCConfigurationList;
			buildConfigurations = (
				1FA676EC1EA3E3AC00150964 /* Debug */,
				1FA676ED1EA3E3AC00150964 /* Release */,
			);
			defaultConfigurationIsVisible = 0;
			defaultConfigurationName = Release;
		};
		1FA676EE1EA3E3AC00150964 /* Build configuration list for PBXNativeTarget "AppTeatroTests" */ = {
			isa = XCConfigurationList;
			buildConfigurations = (
				1FA676EF1EA3E3AC00150964 /* Debug */,
				1FA676F01EA3E3AC00150964 /* Release */,
			);
			defaultConfigurationIsVisible = 0;
			defaultConfigurationName = Release;
		};
		1FA676F11EA3E3AC00150964 /* Build configuration list for PBXNativeTarget "AppTeatroUITests" */ = {
			isa = XCConfigurationList;
			buildConfigurations = (
				1FA676F21EA3E3AC00150964 /* Debug */,
				1FA676F31EA3E3AC00150964 /* Release */,
			);
			defaultConfigurationIsVisible = 0;
			defaultConfigurationName = Release;
		};
/* End XCConfigurationList section */

/* Begin XCVersionGroup section */
		1FA676CA1EA3E3A400150964 /* AppTeatro.xcdatamodeld */ = {
			isa = XCVersionGroup;
			children = (
				1FA676CB1EA3E3A400150964 /* AppTeatro.xcdatamodel */,
			);
			currentVersion = 1FA676CB1EA3E3A400150964 /* AppTeatro.xcdatamodel */;
			path = AppTeatro.xcdatamodeld;
			sourceTree = "<group>";
			versionGroupType = wrapper.xcdatamodel;
		};
/* End XCVersionGroup section */
	};
	rootObject = 1FA676B81EA3E3A100150964 /* Project object */;
}
