// !$*UTF8*$!
{
	archiveVersion = 1;
	classes = {
	};
	objectVersion = 46;
	objects = {

/* Begin PBXBuildFile section */
		1F6264CD1EB93DC500AB8DED /* EventoTableViewCell.swift in Sources */ = {isa = PBXBuildFile; fileRef = 1F6264CC1EB93DC500AB8DED /* EventoTableViewCell.swift */; };
		1F6795961EC0E61C001FE447 /* DescricaoTableViewController.swift in Sources */ = {isa = PBXBuildFile; fileRef = 1F6795951EC0E61C001FE447 /* DescricaoTableViewController.swift */; };
		1F6795981EC26062001FE447 /* LoginViewController.swift in Sources */ = {isa = PBXBuildFile; fileRef = 1F6795971EC26062001FE447 /* LoginViewController.swift */; };
		1FA676C41EA3E3A300150964 /* AppDelegate.swift in Sources */ = {isa = PBXBuildFile; fileRef = 1FA676C31EA3E3A300150964 /* AppDelegate.swift */; };
		1FA676C61EA3E3A300150964 /* ViewController.swift in Sources */ = {isa = PBXBuildFile; fileRef = 1FA676C51EA3E3A300150964 /* ViewController.swift */; };
		1FA676C91EA3E3A300150964 /* Main.storyboard in Resources */ = {isa = PBXBuildFile; fileRef = 1FA676C71EA3E3A300150964 /* Main.storyboard */; };
		1FA676CC1EA3E3A400150964 /* AppTeatro.xcdatamodeld in Sources */ = {isa = PBXBuildFile; fileRef = 1FA676CA1EA3E3A400150964 /* AppTeatro.xcdatamodeld */; };
		1FA676CE1EA3E3A400150964 /* Assets.xcassets in Resources */ = {isa = PBXBuildFile; fileRef = 1FA676CD1EA3E3A400150964 /* Assets.xcassets */; };
		1FA676D11EA3E3A400150964 /* LaunchScreen.storyboard in Resources */ = {isa = PBXBuildFile; fileRef = 1FA676CF1EA3E3A400150964 /* LaunchScreen.storyboard */; };
		1FA676DC1EA3E3AA00150964 /* AppTeatroTests.swift in Sources */ = {isa = PBXBuildFile; fileRef = 1FA676DB1EA3E3AA00150964 /* AppTeatroTests.swift */; };
		1FA676E71EA3E3AB00150964 /* AppTeatroUITests.swift in Sources */ = {isa = PBXBuildFile; fileRef = 1FA676E61EA3E3AB00150964 /* AppTeatroUITests.swift */; };
		1FA676F61EA3E41C00150964 /* MapKit.framework in Frameworks */ = {isa = PBXBuildFile; fileRef = 1FA676F51EA3E41C00150964 /* MapKit.framework */; };
		1FBE66011EC6880B00BF87B4 /* LocalViewController.swift in Sources */ = {isa = PBXBuildFile; fileRef = 1FBE66001EC6880B00BF87B4 /* LocalViewController.swift */; };
		1FBE66031EC68DAB00BF87B4 /* LocalTableViewCell.swift in Sources */ = {isa = PBXBuildFile; fileRef = 1FBE66021EC68DAB00BF87B4 /* LocalTableViewCell.swift */; };
		1FBE66051ECA0CE200BF87B4 /* GenerosViewController.swift in Sources */ = {isa = PBXBuildFile; fileRef = 1FBE66041ECA0CE200BF87B4 /* GenerosViewController.swift */; };
		1FC413E51EC384F200732ECB /* GeneroCollectionViewCell.swift in Sources */ = {isa = PBXBuildFile; fileRef = 1FC413E41EC384F200732ECB /* GeneroCollectionViewCell.swift */; };
		1FC48EA11EC5333F0028291A /* DetalheTableViewCell.swift in Sources */ = {isa = PBXBuildFile; fileRef = 1FC48EA01EC5333F0028291A /* DetalheTableViewCell.swift */; };
		1FC48EA31EC533F40028291A /* DetalhesTableViewController.swift in Sources */ = {isa = PBXBuildFile; fileRef = 1FC48EA21EC533F40028291A /* DetalhesTableViewController.swift */; };
		3BC3D1E41EBA70DB0004E48A /* EventosTableViewController.swift in Sources */ = {isa = PBXBuildFile; fileRef = 3BC3D1E31EBA70DB0004E48A /* EventosTableViewController.swift */; };
		3BD7ED821EBAA27E007631B5 /* PesquisaViewController.swift in Sources */ = {isa = PBXBuildFile; fileRef = 3BD7ED811EBAA27E007631B5 /* PesquisaViewController.swift */; };
		AF3FAA781ECE627B00FD9E2F /* CoreDataManager.swift in Sources */ = {isa = PBXBuildFile; fileRef = AF3FAA771ECE627B00FD9E2F /* CoreDataManager.swift */; };
		AF8A4C681EBE2F2700F67EF7 /* SWRevealViewController.m in Sources */ = {isa = PBXBuildFile; fileRef = AF8A4C671EBE2F2700F67EF7 /* SWRevealViewController.m */; };
		AFC5EA601EBFA689008F0856 /* ContentPageViewController.swift in Sources */ = {isa = PBXBuildFile; fileRef = AFC5EA5F1EBFA689008F0856 /* ContentPageViewController.swift */; };
		AFC5EA621EBFA699008F0856 /* PageViewController.swift in Sources */ = {isa = PBXBuildFile; fileRef = AFC5EA611EBFA699008F0856 /* PageViewController.swift */; };
/* End PBXBuildFile section */

/* Begin PBXContainerItemProxy section */
		1FA676D81EA3E3AA00150964 /* PBXContainerItemProxy */ = {
			isa = PBXContainerItemProxy;
			containerPortal = 1FA676B81EA3E3A100150964 /* Project object */;
			proxyType = 1;
			remoteGlobalIDString = 1FA676BF1EA3E3A100150964;
			remoteInfo = AppTeatro;
		};
		1FA676E31EA3E3AB00150964 /* PBXContainerItemProxy */ = {
			isa = PBXContainerItemProxy;
			containerPortal = 1FA676B81EA3E3A100150964 /* Project object */;
			proxyType = 1;
			remoteGlobalIDString = 1FA676BF1EA3E3A100150964;
			remoteInfo = AppTeatro;
		};
/* End PBXContainerItemProxy section */

/* Begin PBXFileReference section */
		1F6264CC1EB93DC500AB8DED /* EventoTableViewCell.swift */ = {isa = PBXFileReference; fileEncoding = 4; lastKnownFileType = sourcecode.swift; path = EventoTableViewCell.swift; sourceTree = "<group>"; };
		1F6795951EC0E61C001FE447 /* DescricaoTableViewController.swift */ = {isa = PBXFileReference; fileEncoding = 4; lastKnownFileType = sourcecode.swift; name = DescricaoTableViewController.swift; path = Controllers/DescricaoTableViewController.swift; sourceTree = "<group>"; };
		1F6795971EC26062001FE447 /* LoginViewController.swift */ = {isa = PBXFileReference; fileEncoding = 4; lastKnownFileType = sourcecode.swift; name = LoginViewController.swift; path = Controllers/LoginViewController.swift; sourceTree = "<group>"; };
		1FA676C01EA3E3A100150964 /* AppTeatro.app */ = {isa = PBXFileReference; explicitFileType = wrapper.application; includeInIndex = 0; path = AppTeatro.app; sourceTree = BUILT_PRODUCTS_DIR; };
		1FA676C31EA3E3A300150964 /* AppDelegate.swift */ = {isa = PBXFileReference; lastKnownFileType = sourcecode.swift; path = AppDelegate.swift; sourceTree = "<group>"; };
		1FA676C51EA3E3A300150964 /* ViewController.swift */ = {isa = PBXFileReference; lastKnownFileType = sourcecode.swift; path = ViewController.swift; sourceTree = "<group>"; };
		1FA676C81EA3E3A300150964 /* Base */ = {isa = PBXFileReference; lastKnownFileType = file.storyboard; name = Base; path = Base.lproj/Main.storyboard; sourceTree = "<group>"; };
		1FA676CB1EA3E3A400150964 /* AppTeatro.xcdatamodel */ = {isa = PBXFileReference; lastKnownFileType = wrapper.xcdatamodel; path = AppTeatro.xcdatamodel; sourceTree = "<group>"; };
		1FA676CD1EA3E3A400150964 /* Assets.xcassets */ = {isa = PBXFileReference; lastKnownFileType = folder.assetcatalog; path = Assets.xcassets; sourceTree = "<group>"; };
		1FA676D01EA3E3A400150964 /* Base */ = {isa = PBXFileReference; lastKnownFileType = file.storyboard; name = Base; path = Base.lproj/LaunchScreen.storyboard; sourceTree = "<group>"; };
		1FA676D21EA3E3A400150964 /* Info.plist */ = {isa = PBXFileReference; lastKnownFileType = text.plist.xml; path = Info.plist; sourceTree = "<group>"; };
		1FA676D71EA3E3AA00150964 /* AppTeatroTests.xctest */ = {isa = PBXFileReference; explicitFileType = wrapper.cfbundle; includeInIndex = 0; path = AppTeatroTests.xctest; sourceTree = BUILT_PRODUCTS_DIR; };
		1FA676DB1EA3E3AA00150964 /* AppTeatroTests.swift */ = {isa = PBXFileReference; lastKnownFileType = sourcecode.swift; path = AppTeatroTests.swift; sourceTree = "<group>"; };
		1FA676DD1EA3E3AB00150964 /* Info.plist */ = {isa = PBXFileReference; lastKnownFileType = text.plist.xml; path = Info.plist; sourceTree = "<group>"; };
		1FA676E21EA3E3AB00150964 /* AppTeatroUITests.xctest */ = {isa = PBXFileReference; explicitFileType = wrapper.cfbundle; includeInIndex = 0; path = AppTeatroUITests.xctest; sourceTree = BUILT_PRODUCTS_DIR; };
		1FA676E61EA3E3AB00150964 /* AppTeatroUITests.swift */ = {isa = PBXFileReference; lastKnownFileType = sourcecode.swift; path = AppTeatroUITests.swift; sourceTree = "<group>"; };
		1FA676E81EA3E3AC00150964 /* Info.plist */ = {isa = PBXFileReference; lastKnownFileType = text.plist.xml; path = Info.plist; sourceTree = "<group>"; };
		1FA676F51EA3E41C00150964 /* MapKit.framework */ = {isa = PBXFileReference; lastKnownFileType = wrapper.framework; name = MapKit.framework; path = System/Library/Frameworks/MapKit.framework; sourceTree = SDKROOT; };
		1FBE66001EC6880B00BF87B4 /* LocalViewController.swift */ = {isa = PBXFileReference; fileEncoding = 4; lastKnownFileType = sourcecode.swift; name = LocalViewController.swift; path = Controllers/LocalViewController.swift; sourceTree = "<group>"; };
		1FBE66021EC68DAB00BF87B4 /* LocalTableViewCell.swift */ = {isa = PBXFileReference; fileEncoding = 4; lastKnownFileType = sourcecode.swift; name = LocalTableViewCell.swift; path = Views/LocalTableViewCell.swift; sourceTree = "<group>"; };
		1FBE66041ECA0CE200BF87B4 /* GenerosViewController.swift */ = {isa = PBXFileReference; fileEncoding = 4; lastKnownFileType = sourcecode.swift; name = GenerosViewController.swift; path = Controllers/GenerosViewController.swift; sourceTree = "<group>"; };
		1FC413E41EC384F200732ECB /* GeneroCollectionViewCell.swift */ = {isa = PBXFileReference; fileEncoding = 4; lastKnownFileType = sourcecode.swift; name = GeneroCollectionViewCell.swift; path = Views/GeneroCollectionViewCell.swift; sourceTree = "<group>"; };
		1FC48EA01EC5333F0028291A /* DetalheTableViewCell.swift */ = {isa = PBXFileReference; fileEncoding = 4; lastKnownFileType = sourcecode.swift; name = DetalheTableViewCell.swift; path = Views/DetalheTableViewCell.swift; sourceTree = "<group>"; };
		1FC48EA21EC533F40028291A /* DetalhesTableViewController.swift */ = {isa = PBXFileReference; fileEncoding = 4; lastKnownFileType = sourcecode.swift; name = DetalhesTableViewController.swift; path = Controllers/DetalhesTableViewController.swift; sourceTree = "<group>"; };
		3BC3D1E31EBA70DB0004E48A /* EventosTableViewController.swift */ = {isa = PBXFileReference; fileEncoding = 4; lastKnownFileType = sourcecode.swift; name = EventosTableViewController.swift; path = Controllers/EventosTableViewController.swift; sourceTree = "<group>"; };
		3BD7ED811EBAA27E007631B5 /* PesquisaViewController.swift */ = {isa = PBXFileReference; fileEncoding = 4; lastKnownFileType = sourcecode.swift; name = PesquisaViewController.swift; path = Controllers/PesquisaViewController.swift; sourceTree = "<group>"; };
		AF3FAA771ECE627B00FD9E2F /* CoreDataManager.swift */ = {isa = PBXFileReference; fileEncoding = 4; lastKnownFileType = sourcecode.swift; name = CoreDataManager.swift; path = Manager/CoreDataManager.swift; sourceTree = "<group>"; };
		AF8A4C661EBE2F2700F67EF7 /* SWRevealViewController.h */ = {isa = PBXFileReference; fileEncoding = 4; lastKnownFileType = sourcecode.c.h; name = SWRevealViewController.h; path = Library/SWRevealViewController.h; sourceTree = "<group>"; };
		AF8A4C671EBE2F2700F67EF7 /* SWRevealViewController.m */ = {isa = PBXFileReference; fileEncoding = 4; lastKnownFileType = sourcecode.c.objc; name = SWRevealViewController.m; path = Library/SWRevealViewController.m; sourceTree = "<group>"; };
		AF8A4C691EBE2F4300F67EF7 /* AppTeatro-Bridging-Header.h */ = {isa = PBXFileReference; lastKnownFileType = sourcecode.c.h; name = "AppTeatro-Bridging-Header.h"; path = "Library/AppTeatro-Bridging-Header.h"; sourceTree = "<group>"; };
		AFC5EA5F1EBFA689008F0856 /* ContentPageViewController.swift */ = {isa = PBXFileReference; fileEncoding = 4; lastKnownFileType = sourcecode.swift; name = ContentPageViewController.swift; path = Controllers/ContentPageViewController.swift; sourceTree = "<group>"; };
		AFC5EA611EBFA699008F0856 /* PageViewController.swift */ = {isa = PBXFileReference; fileEncoding = 4; lastKnownFileType = sourcecode.swift; name = PageViewController.swift; path = Controllers/PageViewController.swift; sourceTree = "<group>"; };
/* End PBXFileReference section */

/* Begin PBXFrameworksBuildPhase section */
		1FA676BD1EA3E3A100150964 /* Frameworks */ = {
			isa = PBXFrameworksBuildPhase;
			buildActionMask = 2147483647;
			files = (
				1FA676F61EA3E41C00150964 /* MapKit.framework in Frameworks */,
			);
			runOnlyForDeploymentPostprocessing = 0;
		};
		1FA676D41EA3E3AA00150964 /* Frameworks */ = {
			isa = PBXFrameworksBuildPhase;
			buildActionMask = 2147483647;
			files = (
			);
			runOnlyForDeploymentPostprocessing = 0;
		};
		1FA676DF1EA3E3AB00150964 /* Frameworks */ = {
			isa = PBXFrameworksBuildPhase;
			buildActionMask = 2147483647;
			files = (
			);
			runOnlyForDeploymentPostprocessing = 0;
		};
/* End PBXFrameworksBuildPhase section */

/* Begin PBXGroup section */
		1F6264C91EB93B5A00AB8DED /* Controllers */ = {
			isa = PBXGroup;
			children = (
				3BC3D1E31EBA70DB0004E48A /* EventosTableViewController.swift */,
				3BD7ED811EBAA27E007631B5 /* PesquisaViewController.swift */,
				AFC5EA5F1EBFA689008F0856 /* ContentPageViewController.swift */,
				AFC5EA611EBFA699008F0856 /* PageViewController.swift */,
				1F6795951EC0E61C001FE447 /* DescricaoTableViewController.swift */,
				1FC48EA21EC533F40028291A /* DetalhesTableViewController.swift */,
				1F6795971EC26062001FE447 /* LoginViewController.swift */,
				1FBE66001EC6880B00BF87B4 /* LocalViewController.swift */,
				1FBE66041ECA0CE200BF87B4 /* GenerosViewController.swift */,
			);
			name = Controllers;
			sourceTree = "<group>";
		};
		1F7F580E1EBD1D4500644A1F /* Views */ = {
			isa = PBXGroup;
			children = (
				1F6264CC1EB93DC500AB8DED /* EventoTableViewCell.swift */,
				1FC413E41EC384F200732ECB /* GeneroCollectionViewCell.swift */,
				1FC48EA01EC5333F0028291A /* DetalheTableViewCell.swift */,
				1FBE66021EC68DAB00BF87B4 /* LocalTableViewCell.swift */,
			);
			name = Views;
			sourceTree = "<group>";
		};
		1FA676B71EA3E3A100150964 = {
			isa = PBXGroup;
			children = (
				1FA676C21EA3E3A100150964 /* AppTeatro */,
				1FA676DA1EA3E3AA00150964 /* AppTeatroTests */,
				1FA676E51EA3E3AB00150964 /* AppTeatroUITests */,
				1FA676C11EA3E3A100150964 /* Products */,
				1FA676F41EA3E41C00150964 /* Frameworks */,
			);
			sourceTree = "<group>";
		};
		1FA676C11EA3E3A100150964 /* Products */ = {
			isa = PBXGroup;
			children = (
				1FA676C01EA3E3A100150964 /* AppTeatro.app */,
				1FA676D71EA3E3AA00150964 /* AppTeatroTests.xctest */,
				1FA676E21EA3E3AB00150964 /* AppTeatroUITests.xctest */,
			);
			name = Products;
			sourceTree = "<group>";
		};
		1FA676C21EA3E3A100150964 /* AppTeatro */ = {
			isa = PBXGroup;
			children = (
				AF3FAA761ECE623F00FD9E2F /* Manager */,
				AF8A4C491EBE259100F67EF7 /* Library */,
				1F7F580E1EBD1D4500644A1F /* Views */,
				1F6264C91EB93B5A00AB8DED /* Controllers */,
				1FA676C31EA3E3A300150964 /* AppDelegate.swift */,
				1FA676C51EA3E3A300150964 /* ViewController.swift */,
				1FA676C71EA3E3A300150964 /* Main.storyboard */,
				1FA676CD1EA3E3A400150964 /* Assets.xcassets */,
				1FA676CF1EA3E3A400150964 /* LaunchScreen.storyboard */,
				1FA676D21EA3E3A400150964 /* Info.plist */,
				1FA676CA1EA3E3A400150964 /* AppTeatro.xcdatamodeld */,
				AF8A4C691EBE2F4300F67EF7 /* AppTeatro-Bridging-Header.h */,
			);
			path = AppTeatro;
			sourceTree = "<group>";
		};
		1FA676DA1EA3E3AA00150964 /* AppTeatroTests */ = {
			isa = PBXGroup;
			children = (
				1FA676DB1EA3E3AA00150964 /* AppTeatroTests.swift */,
				1FA676DD1EA3E3AB00150964 /* Info.plist */,
			);
			path = AppTeatroTests;
			sourceTree = "<group>";
		};
		1FA676E51EA3E3AB00150964 /* AppTeatroUITests */ = {
			isa = PBXGroup;
			children = (
				1FA676E61EA3E3AB00150964 /* AppTeatroUITests.swift */,
				1FA676E81EA3E3AC00150964 /* Info.plist */,
			);
			path = AppTeatroUITests;
			sourceTree = "<group>";
		};
		1FA676F41EA3E41C00150964 /* Frameworks */ = {
			isa = PBXGroup;
			children = (
				1FA676F51EA3E41C00150964 /* MapKit.framework */,
			);
			name = Frameworks;
			sourceTree = "<group>";
		};
		AF3FAA761ECE623F00FD9E2F /* Manager */ = {
			isa = PBXGroup;
			children = (
				AF3FAA771ECE627B00FD9E2F /* CoreDataManager.swift */,
			);
			name = Manager;
			sourceTree = "<group>";
		};
		AF8A4C491EBE259100F67EF7 /* Library */ = {
			isa = PBXGroup;
			children = (
				AF8A4C661EBE2F2700F67EF7 /* SWRevealViewController.h */,
				AF8A4C671EBE2F2700F67EF7 /* SWRevealViewController.m */,
			);
			name = Library;
			sourceTree = "<group>";
		};
/* End PBXGroup section */

/* Begin PBXNativeTarget section */
		1FA676BF1EA3E3A100150964 /* AppTeatro */ = {
			isa = PBXNativeTarget;
			buildConfigurationList = 1FA676EB1EA3E3AC00150964 /* Build configuration list for PBXNativeTarget "AppTeatro" */;
			buildPhases = (
				1FA676BC1EA3E3A100150964 /* Sources */,
				1FA676BD1EA3E3A100150964 /* Frameworks */,
				1FA676BE1EA3E3A100150964 /* Resources */,
			);
			buildRules = (
			);
			dependencies = (
			);
			name = AppTeatro;
			productName = AppTeatro;
			productReference = 1FA676C01EA3E3A100150964 /* AppTeatro.app */;
			productType = "com.apple.product-type.application";
		};
		1FA676D61EA3E3AA00150964 /* AppTeatroTests */ = {
			isa = PBXNativeTarget;
			buildConfigurationList = 1FA676EE1EA3E3AC00150964 /* Build configuration list for PBXNativeTarget "AppTeatroTests" */;
			buildPhases = (
				1FA676D31EA3E3AA00150964 /* Sources */,
				1FA676D41EA3E3AA00150964 /* Frameworks */,
				1FA676D51EA3E3AA00150964 /* Resources */,
			);
			buildRules = (
			);
			dependencies = (
				1FA676D91EA3E3AA00150964 /* PBXTargetDependency */,
			);
			name = AppTeatroTests;
			productName = AppTeatroTests;
			productReference = 1FA676D71EA3E3AA00150964 /* AppTeatroTests.xctest */;
			productType = "com.apple.product-type.bundle.unit-test";
		};
		1FA676E11EA3E3AB00150964 /* AppTeatroUITests */ = {
			isa = PBXNativeTarget;
			buildConfigurationList = 1FA676F11EA3E3AC00150964 /* Build configuration list for PBXNativeTarget "AppTeatroUITests" */;
			buildPhases = (
				1FA676DE1EA3E3AB00150964 /* Sources */,
				1FA676DF1EA3E3AB00150964 /* Frameworks */,
				1FA676E01EA3E3AB00150964 /* Resources */,
			);
			buildRules = (
			);
			dependencies = (
				1FA676E41EA3E3AB00150964 /* PBXTargetDependency */,
			);
			name = AppTeatroUITests;
			productName = AppTeatroUITests;
			productReference = 1FA676E21EA3E3AB00150964 /* AppTeatroUITests.xctest */;
			productType = "com.apple.product-type.bundle.ui-testing";
		};
/* End PBXNativeTarget section */

/* Begin PBXProject section */
		1FA676B81EA3E3A100150964 /* Project object */ = {
			isa = PBXProject;
			attributes = {
				LastSwiftUpdateCheck = 0830;
				LastUpgradeCheck = 0830;
				ORGANIZATIONNAME = MyMac;
				TargetAttributes = {
					1FA676BF1EA3E3A100150964 = {
						CreatedOnToolsVersion = 8.3;
						LastSwiftMigration = 0820;
						ProvisioningStyle = Automatic;
						SystemCapabilities = {
							com.apple.Maps.iOS = {
								enabled = 1;
							};
						};
					};
					1FA676D61EA3E3AA00150964 = {
						CreatedOnToolsVersion = 8.3;
						LastSwiftMigration = 0820;
						ProvisioningStyle = Automatic;
						TestTargetID = 1FA676BF1EA3E3A100150964;
					};
					1FA676E11EA3E3AB00150964 = {
						CreatedOnToolsVersion = 8.3;
						LastSwiftMigration = 0820;
						ProvisioningStyle = Automatic;
						TestTargetID = 1FA676BF1EA3E3A100150964;
					};
				};
			};
			buildConfigurationList = 1FA676BB1EA3E3A100150964 /* Build configuration list for PBXProject "AppTeatro" */;
			compatibilityVersion = "Xcode 3.2";
			developmentRegion = English;
			hasScannedForEncodings = 0;
			knownRegions = (
				en,
				Base,
			);
			mainGroup = 1FA676B71EA3E3A100150964;
			productRefGroup = 1FA676C11EA3E3A100150964 /* Products */;
			projectDirPath = "";
			projectRoot = "";
			targets = (
				1FA676BF1EA3E3A100150964 /* AppTeatro */,
				1FA676D61EA3E3AA00150964 /* AppTeatroTests */,
				1FA676E11EA3E3AB00150964 /* AppTeatroUITests */,
			);
		};
/* End PBXProject section */

/* Begin PBXResourcesBuildPhase section */
		1FA676BE1EA3E3A100150964 /* Resources */ = {
			isa = PBXResourcesBuildPhase;
			buildActionMask = 2147483647;
			files = (
				1FA676D11EA3E3A400150964 /* LaunchScreen.storyboard in Resources */,
				1FA676CE1EA3E3A400150964 /* Assets.xcassets in Resources */,
				1FA676C91EA3E3A300150964 /* Main.storyboard in Resources */,
			);
			runOnlyForDeploymentPostprocessing = 0;
		};
		1FA676D51EA3E3AA00150964 /* Resources */ = {
			isa = PBXResourcesBuildPhase;
			buildActionMask = 2147483647;
			files = (
			);
			runOnlyForDeploymentPostprocessing = 0;
		};
		1FA676E01EA3E3AB00150964 /* Resources */ = {
			isa = PBXResourcesBuildPhase;
			buildActionMask = 2147483647;
			files = (
			);
			runOnlyForDeploymentPostprocessing = 0;
		};
/* End PBXResourcesBuildPhase section */

/* Begin PBXSourcesBuildPhase section */
		1FA676BC1EA3E3A100150964 /* Sources */ = {
			isa = PBXSourcesBuildPhase;
			buildActionMask = 2147483647;
			files = (
				1F6795981EC26062001FE447 /* LoginViewController.swift in Sources */,
				1FBE66051ECA0CE200BF87B4 /* GenerosViewController.swift in Sources */,
				1FA676C61EA3E3A300150964 /* ViewController.swift in Sources */,
				3BD7ED821EBAA27E007631B5 /* PesquisaViewController.swift in Sources */,
				AFC5EA621EBFA699008F0856 /* PageViewController.swift in Sources */,
				1F6264CD1EB93DC500AB8DED /* EventoTableViewCell.swift in Sources */,
				AF3FAA781ECE627B00FD9E2F /* CoreDataManager.swift in Sources */,
				1FA676CC1EA3E3A400150964 /* AppTeatro.xcdatamodeld in Sources */,
				1FC48EA31EC533F40028291A /* DetalhesTableViewController.swift in Sources */,
				AFC5EA601EBFA689008F0856 /* ContentPageViewController.swift in Sources */,
				AF8A4C681EBE2F2700F67EF7 /* SWRevealViewController.m in Sources */,
				1FC413E51EC384F200732ECB /* GeneroCollectionViewCell.swift in Sources */,
				1FA676C41EA3E3A300150964 /* AppDelegate.swift in Sources */,
				1F6795961EC0E61C001FE447 /* DescricaoTableViewController.swift in Sources */,
				1FBE66031EC68DAB00BF87B4 /* LocalTableViewCell.swift in Sources */,
				3BC3D1E41EBA70DB0004E48A /* EventosTableViewController.swift in Sources */,
				1FBE66011EC6880B00BF87B4 /* LocalViewController.swift in Sources */,
				1FC48EA11EC5333F0028291A /* DetalheTableViewCell.swift in Sources */,
			);
			runOnlyForDeploymentPostprocessing = 0;
		};
		1FA676D31EA3E3AA00150964 /* Sources */ = {
			isa = PBXSourcesBuildPhase;
			buildActionMask = 2147483647;
			files = (
				1FA676DC1EA3E3AA00150964 /* AppTeatroTests.swift in Sources */,
			);
			runOnlyForDeploymentPostprocessing = 0;
		};
		1FA676DE1EA3E3AB00150964 /* Sources */ = {
			isa = PBXSourcesBuildPhase;
			buildActionMask = 2147483647;
			files = (
				1FA676E71EA3E3AB00150964 /* AppTeatroUITests.swift in Sources */,
			);
			runOnlyForDeploymentPostprocessing = 0;
		};
/* End PBXSourcesBuildPhase section */

/* Begin PBXTargetDependency section */
		1FA676D91EA3E3AA00150964 /* PBXTargetDependency */ = {
			isa = PBXTargetDependency;
			target = 1FA676BF1EA3E3A100150964 /* AppTeatro */;
			targetProxy = 1FA676D81EA3E3AA00150964 /* PBXContainerItemProxy */;
		};
		1FA676E41EA3E3AB00150964 /* PBXTargetDependency */ = {
			isa = PBXTargetDependency;
			target = 1FA676BF1EA3E3A100150964 /* AppTeatro */;
			targetProxy = 1FA676E31EA3E3AB00150964 /* PBXContainerItemProxy */;
		};
/* End PBXTargetDependency section */

/* Begin PBXVariantGroup section */
		1FA676C71EA3E3A300150964 /* Main.storyboard */ = {
			isa = PBXVariantGroup;
			children = (
				1FA676C81EA3E3A300150964 /* Base */,
			);
			name = Main.storyboard;
			sourceTree = "<group>";
		};
		1FA676CF1EA3E3A400150964 /* LaunchScreen.storyboard */ = {
			isa = PBXVariantGroup;
			children = (
				1FA676D01EA3E3A400150964 /* Base */,
			);
			name = LaunchScreen.storyboard;
			sourceTree = "<group>";
		};
/* End PBXVariantGroup section */

/* Begin XCBuildConfiguration section */
		1FA676E91EA3E3AC00150964 /* Debug */ = {
			isa = XCBuildConfiguration;
			buildSettings = {
				ALWAYS_SEARCH_USER_PATHS = NO;
				CLANG_ANALYZER_NONNULL = YES;
				CLANG_ANALYZER_NUMBER_OBJECT_CONVERSION = YES_AGGRESSIVE;
				CLANG_CXX_LANGUAGE_STANDARD = "gnu++0x";
				CLANG_CXX_LIBRARY = "libc++";
				CLANG_ENABLE_MODULES = YES;
				CLANG_ENABLE_OBJC_ARC = YES;
				CLANG_WARN_BOOL_CONVERSION = YES;
				CLANG_WARN_CONSTANT_CONVERSION = YES;
				CLANG_WARN_DIRECT_OBJC_ISA_USAGE = YES_ERROR;
				CLANG_WARN_DOCUMENTATION_COMMENTS = YES;
				CLANG_WARN_EMPTY_BODY = YES;
				CLANG_WARN_ENUM_CONVERSION = YES;
				CLANG_WARN_INFINITE_RECURSION = YES;
				CLANG_WARN_INT_CONVERSION = YES;
				CLANG_WARN_OBJC_ROOT_CLASS = YES_ERROR;
				CLANG_WARN_SUSPICIOUS_MOVE = YES;
				CLANG_WARN_UNREACHABLE_CODE = YES;
				CLANG_WARN__DUPLICATE_METHOD_MATCH = YES;
				"CODE_SIGN_IDENTITY[sdk=iphoneos*]" = "iPhone Developer";
				COPY_PHASE_STRIP = NO;
				DEBUG_INFORMATION_FORMAT = dwarf;
				ENABLE_STRICT_OBJC_MSGSEND = YES;
				ENABLE_TESTABILITY = YES;
				GCC_C_LANGUAGE_STANDARD = gnu99;
				GCC_DYNAMIC_NO_PIC = NO;
				GCC_NO_COMMON_BLOCKS = YES;
				GCC_OPTIMIZATION_LEVEL = 0;
				GCC_PREPROCESSOR_DEFINITIONS = (
					"DEBUG=1",
					"$(inherited)",
				);
				GCC_WARN_64_TO_32_BIT_CONVERSION = YES;
				GCC_WARN_ABOUT_RETURN_TYPE = YES_ERROR;
				GCC_WARN_UNDECLARED_SELECTOR = YES;
				GCC_WARN_UNINITIALIZED_AUTOS = YES_AGGRESSIVE;
				GCC_WARN_UNUSED_FUNCTION = YES;
				GCC_WARN_UNUSED_VARIABLE = YES;
				IPHONEOS_DEPLOYMENT_TARGET = 10.3;
				MTL_ENABLE_DEBUG_INFO = YES;
				ONLY_ACTIVE_ARCH = YES;
				SDKROOT = iphoneos;
				SWIFT_ACTIVE_COMPILATION_CONDITIONS = DEBUG;
				SWIFT_OPTIMIZATION_LEVEL = "-Onone";
				TARGETED_DEVICE_FAMILY = "1,2";
			};
			name = Debug;
		};
		1FA676EA1EA3E3AC00150964 /* Release */ = {
			isa = XCBuildConfiguration;
			buildSettings = {
				ALWAYS_SEARCH_USER_PATHS = NO;
				CLANG_ANALYZER_NONNULL = YES;
				CLANG_ANALYZER_NUMBER_OBJECT_CONVERSION = YES_AGGRESSIVE;
				CLANG_CXX_LANGUAGE_STANDARD = "gnu++0x";
				CLANG_CXX_LIBRARY = "libc++";
				CLANG_ENABLE_MODULES = YES;
				CLANG_ENABLE_OBJC_ARC = YES;
				CLANG_WARN_BOOL_CONVERSION = YES;
				CLANG_WARN_CONSTANT_CONVERSION = YES;
				CLANG_WARN_DIRECT_OBJC_ISA_USAGE = YES_ERROR;
				CLANG_WARN_DOCUMENTATION_COMMENTS = YES;
				CLANG_WARN_EMPTY_BODY = YES;
				CLANG_WARN_ENUM_CONVERSION = YES;
				CLANG_WARN_INFINITE_RECURSION = YES;
				CLANG_WARN_INT_CONVERSION = YES;
				CLANG_WARN_OBJC_ROOT_CLASS = YES_ERROR;
				CLANG_WARN_SUSPICIOUS_MOVE = YES;
				CLANG_WARN_UNREACHABLE_CODE = YES;
				CLANG_WARN__DUPLICATE_METHOD_MATCH = YES;
				"CODE_SIGN_IDENTITY[sdk=iphoneos*]" = "iPhone Developer";
				COPY_PHASE_STRIP = NO;
				DEBUG_INFORMATION_FORMAT = "dwarf-with-dsym";
				ENABLE_NS_ASSERTIONS = NO;
				ENABLE_STRICT_OBJC_MSGSEND = YES;
				GCC_C_LANGUAGE_STANDARD = gnu99;
				GCC_NO_COMMON_BLOCKS = YES;
				GCC_WARN_64_TO_32_BIT_CONVERSION = YES;
				GCC_WARN_ABOUT_RETURN_TYPE = YES_ERROR;
				GCC_WARN_UNDECLARED_SELECTOR = YES;
				GCC_WARN_UNINITIALIZED_AUTOS = YES_AGGRESSIVE;
				GCC_WARN_UNUSED_FUNCTION = YES;
				GCC_WARN_UNUSED_VARIABLE = YES;
				IPHONEOS_DEPLOYMENT_TARGET = 10.3;
				MTL_ENABLE_DEBUG_INFO = NO;
				SDKROOT = iphoneos;
				SWIFT_OPTIMIZATION_LEVEL = "-Owholemodule";
				TARGETED_DEVICE_FAMILY = "1,2";
				VALIDATE_PRODUCT = YES;
			};
			name = Release;
		};
		1FA676EC1EA3E3AC00150964 /* Debug */ = {
			isa = XCBuildConfiguration;
			buildSettings = {
				ASSETCATALOG_COMPILER_APPICON_NAME = AppIcon;
				CLANG_ENABLE_MODULES = YES;
				INFOPLIST_FILE = AppTeatro/Info.plist;
				IPHONEOS_DEPLOYMENT_TARGET = 10.0;
				LD_RUNPATH_SEARCH_PATHS = "$(inherited) @executable_path/Frameworks";
				PRODUCT_BUNDLE_IDENTIFIER = MyMac.AppTeatro;
				PRODUCT_NAME = "$(TARGET_NAME)";
				SWIFT_OBJC_BRIDGING_HEADER = "AppTeatro/AppTeatro-Bridging-Header.h";
				SWIFT_OPTIMIZATION_LEVEL = "-Onone";
				SWIFT_VERSION = 3.0;
			};
			name = Debug;
		};
		1FA676ED1EA3E3AC00150964 /* Release */ = {
			isa = XCBuildConfiguration;
			buildSettings = {
				ASSETCATALOG_COMPILER_APPICON_NAME = AppIcon;
				CLANG_ENABLE_MODULES = YES;
				INFOPLIST_FILE = AppTeatro/Info.plist;
				IPHONEOS_DEPLOYMENT_TARGET = 10.0;
				LD_RUNPATH_SEARCH_PATHS = "$(inherited) @executable_path/Frameworks";
				PRODUCT_BUNDLE_IDENTIFIER = MyMac.AppTeatro;
				PRODUCT_NAME = "$(TARGET_NAME)";
				SWIFT_OBJC_BRIDGING_HEADER = "AppTeatro/AppTeatro-Bridging-Header.h";
				SWIFT_VERSION = 3.0;
			};
			name = Release;
		};
		1FA676EF1EA3E3AC00150964 /* Debug */ = {
			isa = XCBuildConfiguration;
			buildSettings = {
				ALWAYS_EMBED_SWIFT_STANDARD_LIBRARIES = YES;
				BUNDLE_LOADER = "$(TEST_HOST)";
				CLANG_ENABLE_MODULES = YES;
				INFOPLIST_FILE = AppTeatroTests/Info.plist;
				IPHONEOS_DEPLOYMENT_TARGET = 10.0;
				LD_RUNPATH_SEARCH_PATHS = "$(inherited) @executable_path/Frameworks @loader_path/Frameworks";
				PRODUCT_BUNDLE_IDENTIFIER = MyMac.AppTeatroTests;
				PRODUCT_NAME = "$(TARGET_NAME)";
				SWIFT_OBJC_BRIDGING_HEADER = "AppTeatro/AppTeatroTests-Bridging-Header.h";
				SWIFT_OPTIMIZATION_LEVEL = "-Onone";
				SWIFT_VERSION = 3.0;
				TEST_HOST = "$(BUILT_PRODUCTS_DIR)/AppTeatro.app/AppTeatro";
			};
			name = Debug;
		};
		1FA676F01EA3E3AC00150964 /* Release */ = {
			isa = XCBuildConfiguration;
			buildSettings = {
				ALWAYS_EMBED_SWIFT_STANDARD_LIBRARIES = YES;
				BUNDLE_LOADER = "$(TEST_HOST)";
				CLANG_ENABLE_MODULES = YES;
				INFOPLIST_FILE = AppTeatroTests/Info.plist;
				IPHONEOS_DEPLOYMENT_TARGET = 10.0;
				LD_RUNPATH_SEARCH_PATHS = "$(inherited) @executable_path/Frameworks @loader_path/Frameworks";
				PRODUCT_BUNDLE_IDENTIFIER = MyMac.AppTeatroTests;
				PRODUCT_NAME = "$(TARGET_NAME)";
				SWIFT_OBJC_BRIDGING_HEADER = "AppTeatro/AppTeatroTests-Bridging-Header.h";
				SWIFT_VERSION = 3.0;
				TEST_HOST = "$(BUILT_PRODUCTS_DIR)/AppTeatro.app/AppTeatro";
			};
			name = Release;
		};
		1FA676F21EA3E3AC00150964 /* Debug */ = {
			isa = XCBuildConfiguration;
			buildSettings = {
				ALWAYS_EMBED_SWIFT_STANDARD_LIBRARIES = YES;
				CLANG_ENABLE_MODULES = YES;
				INFOPLIST_FILE = AppTeatroUITests/Info.plist;
				IPHONEOS_DEPLOYMENT_TARGET = 10.0;
				LD_RUNPATH_SEARCH_PATHS = "$(inherited) @executable_path/Frameworks @loader_path/Frameworks";
				PRODUCT_BUNDLE_IDENTIFIER = MyMac.AppTeatroUITests;
				PRODUCT_NAME = "$(TARGET_NAME)";
				SWIFT_OBJC_BRIDGING_HEADER = "AppTeatro/AppTeatroUITests-Bridging-Header.h";
				SWIFT_OPTIMIZATION_LEVEL = "-Onone";
				SWIFT_VERSION = 3.0;
				TEST_TARGET_NAME = AppTeatro;
			};
			name = Debug;
		};
		1FA676F31EA3E3AC00150964 /* Release */ = {
			isa = XCBuildConfiguration;
			buildSettings = {
				ALWAYS_EMBED_SWIFT_STANDARD_LIBRARIES = YES;
				CLANG_ENABLE_MODULES = YES;
				INFOPLIST_FILE = AppTeatroUITests/Info.plist;
				IPHONEOS_DEPLOYMENT_TARGET = 10.0;
				LD_RUNPATH_SEARCH_PATHS = "$(inherited) @executable_path/Frameworks @loader_path/Frameworks";
				PRODUCT_BUNDLE_IDENTIFIER = MyMac.AppTeatroUITests;
				PRODUCT_NAME = "$(TARGET_NAME)";
				SWIFT_OBJC_BRIDGING_HEADER = "AppTeatro/AppTeatroUITests-Bridging-Header.h";
				SWIFT_VERSION = 3.0;
				TEST_TARGET_NAME = AppTeatro;
			};
			name = Release;
		};
/* End XCBuildConfiguration section */

/* Begin XCConfigurationList section */
		1FA676BB1EA3E3A100150964 /* Build configuration list for PBXProject "AppTeatro" */ = {
			isa = XCConfigurationList;
			buildConfigurations = (
				1FA676E91EA3E3AC00150964 /* Debug */,
				1FA676EA1EA3E3AC00150964 /* Release */,
			);
			defaultConfigurationIsVisible = 0;
			defaultConfigurationName = Release;
		};
		1FA676EB1EA3E3AC00150964 /* Build configuration list for PBXNativeTarget "AppTeatro" */ = {
			isa = XCConfigurationList;
			buildConfigurations = (
				1FA676EC1EA3E3AC00150964 /* Debug */,
				1FA676ED1EA3E3AC00150964 /* Release */,
			);
			defaultConfigurationIsVisible = 0;
			defaultConfigurationName = Release;
		};
		1FA676EE1EA3E3AC00150964 /* Build configuration list for PBXNativeTarget "AppTeatroTests" */ = {
			isa = XCConfigurationList;
			buildConfigurations = (
				1FA676EF1EA3E3AC00150964 /* Debug */,
				1FA676F01EA3E3AC00150964 /* Release */,
			);
			defaultConfigurationIsVisible = 0;
			defaultConfigurationName = Release;
		};
		1FA676F11EA3E3AC00150964 /* Build configuration list for PBXNativeTarget "AppTeatroUITests" */ = {
			isa = XCConfigurationList;
			buildConfigurations = (
				1FA676F21EA3E3AC00150964 /* Debug */,
				1FA676F31EA3E3AC00150964 /* Release */,
			);
			defaultConfigurationIsVisible = 0;
			defaultConfigurationName = Release;
		};
/* End XCConfigurationList section */

/* Begin XCVersionGroup section */
		1FA676CA1EA3E3A400150964 /* AppTeatro.xcdatamodeld */ = {
			isa = XCVersionGroup;
			children = (
				1FA676CB1EA3E3A400150964 /* AppTeatro.xcdatamodel */,
			);
			currentVersion = 1FA676CB1EA3E3A400150964 /* AppTeatro.xcdatamodel */;
			path = AppTeatro.xcdatamodeld;
			sourceTree = "<group>";
			versionGroupType = wrapper.xcdatamodel;
		};
/* End XCVersionGroup section */
	};
	rootObject = 1FA676B81EA3E3A100150964 /* Project object */;
}
